// !$*UTF8*$!
{
	archiveVersion = 1;
	classes = {
	};
	objectVersion = 55;
	objects = {

/* Begin PBXBuildFile section */
		7923782A28D76BD60069DB01 /* Authenticator.swift in Sources */ = {isa = PBXBuildFile; fileRef = 7923782928D76BD60069DB01 /* Authenticator.swift */; };
		7923782C28D77C0A0069DB01 /* TransactionStore.swift in Sources */ = {isa = PBXBuildFile; fileRef = 7923782B28D77C0A0069DB01 /* TransactionStore.swift */; };
		7923783228D7F61E0069DB01 /* TransactionEdit.swift in Sources */ = {isa = PBXBuildFile; fileRef = 7923783128D7F61E0069DB01 /* TransactionEdit.swift */; };
		792681B328F5F98C0005114F /* CategoryItem.swift in Sources */ = {isa = PBXBuildFile; fileRef = 792681B228F5F98C0005114F /* CategoryItem.swift */; };
		792681B528F6201C0005114F /* TransactionTypePicker.swift in Sources */ = {isa = PBXBuildFile; fileRef = 792681B428F6201C0005114F /* TransactionTypePicker.swift */; };
		7946966D28D81FC8005B6408 /* CategoriesView.swift in Sources */ = {isa = PBXBuildFile; fileRef = 7946966C28D81FC8005B6408 /* CategoriesView.swift */; };
		7946966F28D81FF0005B6408 /* PlansView.swift in Sources */ = {isa = PBXBuildFile; fileRef = 7946966E28D81FF0005B6408 /* PlansView.swift */; };
		7946967128D82006005B6408 /* AccountsView.swift in Sources */ = {isa = PBXBuildFile; fileRef = 7946967028D82006005B6408 /* AccountsView.swift */; };
		7946967328D82018005B6408 /* ReportsView.swift in Sources */ = {isa = PBXBuildFile; fileRef = 7946967228D82018005B6408 /* ReportsView.swift */; };
		7946967528D8203A005B6408 /* MainView.swift in Sources */ = {isa = PBXBuildFile; fileRef = 7946967428D8203A005B6408 /* MainView.swift */; };
		7946967728D8B99B005B6408 /* CategoriesStore.swift in Sources */ = {isa = PBXBuildFile; fileRef = 7946967628D8B99B005B6408 /* CategoriesStore.swift */; };
		7946967D28DA1AD1005B6408 /* GroupView.swift in Sources */ = {isa = PBXBuildFile; fileRef = 7946967C28DA1AD1005B6408 /* GroupView.swift */; };
		7946967F28DA1F0E005B6408 /* CategoryView.swift in Sources */ = {isa = PBXBuildFile; fileRef = 7946967E28DA1F0E005B6408 /* CategoryView.swift */; };
		7946968A28DAC578005B6408 /* NumericField.swift in Sources */ = {isa = PBXBuildFile; fileRef = 7946968928DAC578005B6408 /* NumericField.swift */; };
		7946968C28DB50CE005B6408 /* TransactionView.swift in Sources */ = {isa = PBXBuildFile; fileRef = 7946968B28DB50CE005B6408 /* TransactionView.swift */; };
		7946968E28DCADFE005B6408 /* CategoryPicker.swift in Sources */ = {isa = PBXBuildFile; fileRef = 7946968D28DCADFE005B6408 /* CategoryPicker.swift */; };
		7946969328DCBD6F005B6408 /* CategoryList.swift in Sources */ = {isa = PBXBuildFile; fileRef = 7946969228DCBD6F005B6408 /* CategoryList.swift */; };
		7946969528DE1173005B6408 /* SampleData.swift in Sources */ = {isa = PBXBuildFile; fileRef = 7946969428DE1173005B6408 /* SampleData.swift */; };
		795382E028E7141100133EFA /* SettingsView.swift in Sources */ = {isa = PBXBuildFile; fileRef = 795382DF28E7141100133EFA /* SettingsView.swift */; };
		795382E228E7178600133EFA /* AccountRegisterView.swift in Sources */ = {isa = PBXBuildFile; fileRef = 795382E128E7178600133EFA /* AccountRegisterView.swift */; };
		795382E628E71F3500133EFA /* AccountTransactionView.swift in Sources */ = {isa = PBXBuildFile; fileRef = 795382E528E71F3500133EFA /* AccountTransactionView.swift */; };
		795382E828E864B800133EFA /* InactiveView.swift in Sources */ = {isa = PBXBuildFile; fileRef = 795382E728E864B800133EFA /* InactiveView.swift */; };
		797BDEE028F072C400640173 /* NavModel.swift in Sources */ = {isa = PBXBuildFile; fileRef = 797BDEDF28F072C400640173 /* NavModel.swift */; };
		79A17C0228F1A3BD006FD368 /* WidgetKit.framework in Frameworks */ = {isa = PBXBuildFile; fileRef = 79A17C0128F1A3BD006FD368 /* WidgetKit.framework */; };
		79A17C0428F1A3BD006FD368 /* SwiftUI.framework in Frameworks */ = {isa = PBXBuildFile; fileRef = 79A17C0328F1A3BD006FD368 /* SwiftUI.framework */; };
		79A17C0728F1A3BD006FD368 /* widget.swift in Sources */ = {isa = PBXBuildFile; fileRef = 79A17C0628F1A3BD006FD368 /* widget.swift */; };
		79A17C0A28F1A3BF006FD368 /* Assets.xcassets in Resources */ = {isa = PBXBuildFile; fileRef = 79A17C0928F1A3BF006FD368 /* Assets.xcassets */; };
		79A17C0C28F1A3BF006FD368 /* widget.intentdefinition in Sources */ = {isa = PBXBuildFile; fileRef = 79A17C0828F1A3BD006FD368 /* widget.intentdefinition */; };
		79A17C0D28F1A3BF006FD368 /* widget.intentdefinition in Sources */ = {isa = PBXBuildFile; fileRef = 79A17C0828F1A3BD006FD368 /* widget.intentdefinition */; };
		79A17C1028F1A3BF006FD368 /* widgetExtension.appex in Embed Foundation Extensions */ = {isa = PBXBuildFile; fileRef = 79A17BFF28F1A3BD006FD368 /* widgetExtension.appex */; settings = {ATTRIBUTES = (RemoveHeadersOnCopy, ); }; };
		79A17C1E28F1BC78006FD368 /* Framework.docc in Sources */ = {isa = PBXBuildFile; fileRef = 79A17C1D28F1BC78006FD368 /* Framework.docc */; };
		79A17C2428F1BC78006FD368 /* Framework.framework in Frameworks */ = {isa = PBXBuildFile; fileRef = 79A17C1A28F1BC78006FD368 /* Framework.framework */; };
		79A17C2B28F1BC78006FD368 /* FrameworkTests.swift in Sources */ = {isa = PBXBuildFile; fileRef = 79A17C2A28F1BC78006FD368 /* FrameworkTests.swift */; };
		79A17C2C28F1BC78006FD368 /* Framework.h in Headers */ = {isa = PBXBuildFile; fileRef = 79A17C1C28F1BC78006FD368 /* Framework.h */; settings = {ATTRIBUTES = (Public, ); }; };
		79A17C2F28F1BC78006FD368 /* Framework.framework in Frameworks */ = {isa = PBXBuildFile; fileRef = 79A17C1A28F1BC78006FD368 /* Framework.framework */; };
		79A17C3028F1BC78006FD368 /* Framework.framework in Embed Frameworks */ = {isa = PBXBuildFile; fileRef = 79A17C1A28F1BC78006FD368 /* Framework.framework */; settings = {ATTRIBUTES = (CodeSignOnCopy, RemoveHeadersOnCopy, ); }; };
		79A17C3828F1C1EB006FD368 /* Http.swift in Sources */ = {isa = PBXBuildFile; fileRef = 793E6BC028ED1AD900480AC3 /* Http.swift */; };
		79A17C3928F1C30D006FD368 /* Error.swift in Sources */ = {isa = PBXBuildFile; fileRef = 7923782728D7678C0069DB01 /* Error.swift */; };
		79ADF87528E5D71800227F44 /* AccountsStore.swift in Sources */ = {isa = PBXBuildFile; fileRef = 79ADF87428E5D71800227F44 /* AccountsStore.swift */; };
		79ADF87928E5E0C100227F44 /* InstitutionView.swift in Sources */ = {isa = PBXBuildFile; fileRef = 79ADF87828E5E0C100227F44 /* InstitutionView.swift */; };
		79B2595028F31DCF000D6763 /* Categories.swift in Sources */ = {isa = PBXBuildFile; fileRef = 79B2594F28F31DCF000D6763 /* Categories.swift */; };
		79B2595128F31FAB000D6763 /* Framework.framework in Frameworks */ = {isa = PBXBuildFile; fileRef = 79A17C1A28F1BC78006FD368 /* Framework.framework */; };
		79B2595228F31FAB000D6763 /* Framework.framework in Embed Frameworks */ = {isa = PBXBuildFile; fileRef = 79A17C1A28F1BC78006FD368 /* Framework.framework */; settings = {ATTRIBUTES = (CodeSignOnCopy, RemoveHeadersOnCopy, ); }; };
		79B2595628F329D7000D6763 /* Response.swift in Sources */ = {isa = PBXBuildFile; fileRef = 793E6BC228EDD06B00480AC3 /* Response.swift */; };
		79B2595828F32A7E000D6763 /* Response.swift in Sources */ = {isa = PBXBuildFile; fileRef = 79B2595728F32A7E000D6763 /* Response.swift */; };
		79B2595A28F34DB6000D6763 /* AmountView.swift in Sources */ = {isa = PBXBuildFile; fileRef = 7946968028DA207D005B6408 /* AmountView.swift */; };
		79B2595E28F4B4FE000D6763 /* ConfigureWidgetView.swift in Sources */ = {isa = PBXBuildFile; fileRef = 79B2595D28F4B4FE000D6763 /* ConfigureWidgetView.swift */; };
		79C19CA228D41BC8003F05F2 /* SpendCraftApp.swift in Sources */ = {isa = PBXBuildFile; fileRef = 79C19CA128D41BC8003F05F2 /* SpendCraftApp.swift */; };
		79C19CA628D41BCA003F05F2 /* Assets.xcassets in Resources */ = {isa = PBXBuildFile; fileRef = 79C19CA528D41BCA003F05F2 /* Assets.xcassets */; };
		79C19CA928D41BCA003F05F2 /* Preview Assets.xcassets in Resources */ = {isa = PBXBuildFile; fileRef = 79C19CA828D41BCA003F05F2 /* Preview Assets.xcassets */; };
		79C19CB328D41BCA003F05F2 /* SpendCraftTests.swift in Sources */ = {isa = PBXBuildFile; fileRef = 79C19CB228D41BCA003F05F2 /* SpendCraftTests.swift */; };
		79C19CBD28D41BCA003F05F2 /* SpendCraftUITests.swift in Sources */ = {isa = PBXBuildFile; fileRef = 79C19CBC28D41BCA003F05F2 /* SpendCraftUITests.swift */; };
		79C19CBF28D41BCA003F05F2 /* SpendCraftUITestsLaunchTests.swift in Sources */ = {isa = PBXBuildFile; fileRef = 79C19CBE28D41BCA003F05F2 /* SpendCraftUITestsLaunchTests.swift */; };
		79C19CCC28D4A85F003F05F2 /* LoginView.swift in Sources */ = {isa = PBXBuildFile; fileRef = 79C19CCB28D4A85E003F05F2 /* LoginView.swift */; };
		79C19CCE28D4D80E003F05F2 /* RegisterView.swift in Sources */ = {isa = PBXBuildFile; fileRef = 79C19CCD28D4D80D003F05F2 /* RegisterView.swift */; };
		79C19CD328D517E7003F05F2 /* Transaction.swift in Sources */ = {isa = PBXBuildFile; fileRef = 79C19CD228D517E7003F05F2 /* Transaction.swift */; };
		79CF2E4928F6F39000448D65 /* AddCategoryView.swift in Sources */ = {isa = PBXBuildFile; fileRef = 79CF2E4828F6F39000448D65 /* AddCategoryView.swift */; };
		79CF2E4B28F7250800448D65 /* AddGroupView.swift in Sources */ = {isa = PBXBuildFile; fileRef = 79CF2E4A28F7250800448D65 /* AddGroupView.swift */; };
		79CF2E4D28F7861300448D65 /* EditCategoriesView.swift in Sources */ = {isa = PBXBuildFile; fileRef = 79CF2E4C28F7861300448D65 /* EditCategoriesView.swift */; };
		79CF2E4F28F7972800448D65 /* EditGroupView.swift in Sources */ = {isa = PBXBuildFile; fileRef = 79CF2E4E28F7972800448D65 /* EditGroupView.swift */; };
		79CF2E5128F79AAA00448D65 /* EditCategoryView.swift in Sources */ = {isa = PBXBuildFile; fileRef = 79CF2E5028F79AAA00448D65 /* EditCategoryView.swift */; };
		79CF2E5328F79FE900448D65 /* DeleteButton.swift in Sources */ = {isa = PBXBuildFile; fileRef = 79CF2E5228F79FE900448D65 /* DeleteButton.swift */; };
		79CF2E5528F7B21600448D65 /* CategoryView2.swift in Sources */ = {isa = PBXBuildFile; fileRef = 79CF2E5428F7B21600448D65 /* CategoryView2.swift */; };
		79CF2E5728F7B57900448D65 /* GroupView2.swift in Sources */ = {isa = PBXBuildFile; fileRef = 79CF2E5628F7B57900448D65 /* GroupView2.swift */; };
		79CF2E5A28F85C3300448D65 /* AppDelegate.swift in Sources */ = {isa = PBXBuildFile; fileRef = 79CF2E5928F85C3300448D65 /* AppDelegate.swift */; };
		79CF2E5C28F8E29300448D65 /* ChangePasswordView.swift in Sources */ = {isa = PBXBuildFile; fileRef = 79CF2E5B28F8E29300448D65 /* ChangePasswordView.swift */; };
/* End PBXBuildFile section */

/* Begin PBXContainerItemProxy section */
		79A17C0E28F1A3BF006FD368 /* PBXContainerItemProxy */ = {
			isa = PBXContainerItemProxy;
			containerPortal = 79C19C9628D41BC8003F05F2 /* Project object */;
			proxyType = 1;
			remoteGlobalIDString = 79A17BFE28F1A3BD006FD368;
			remoteInfo = widgetExtension;
		};
		79A17C2528F1BC78006FD368 /* PBXContainerItemProxy */ = {
			isa = PBXContainerItemProxy;
			containerPortal = 79C19C9628D41BC8003F05F2 /* Project object */;
			proxyType = 1;
			remoteGlobalIDString = 79A17C1928F1BC78006FD368;
			remoteInfo = Framework;
		};
		79A17C2728F1BC78006FD368 /* PBXContainerItemProxy */ = {
			isa = PBXContainerItemProxy;
			containerPortal = 79C19C9628D41BC8003F05F2 /* Project object */;
			proxyType = 1;
			remoteGlobalIDString = 79C19C9D28D41BC8003F05F2;
			remoteInfo = SpendCraft;
		};
		79A17C2D28F1BC78006FD368 /* PBXContainerItemProxy */ = {
			isa = PBXContainerItemProxy;
			containerPortal = 79C19C9628D41BC8003F05F2 /* Project object */;
			proxyType = 1;
			remoteGlobalIDString = 79A17C1928F1BC78006FD368;
			remoteInfo = Framework;
		};
		79B2595328F31FAB000D6763 /* PBXContainerItemProxy */ = {
			isa = PBXContainerItemProxy;
			containerPortal = 79C19C9628D41BC8003F05F2 /* Project object */;
			proxyType = 1;
			remoteGlobalIDString = 79A17C1928F1BC78006FD368;
			remoteInfo = Framework;
		};
		79C19CAF28D41BCA003F05F2 /* PBXContainerItemProxy */ = {
			isa = PBXContainerItemProxy;
			containerPortal = 79C19C9628D41BC8003F05F2 /* Project object */;
			proxyType = 1;
			remoteGlobalIDString = 79C19C9D28D41BC8003F05F2;
			remoteInfo = SpendCraft;
		};
		79C19CB928D41BCA003F05F2 /* PBXContainerItemProxy */ = {
			isa = PBXContainerItemProxy;
			containerPortal = 79C19C9628D41BC8003F05F2 /* Project object */;
			proxyType = 1;
			remoteGlobalIDString = 79C19C9D28D41BC8003F05F2;
			remoteInfo = SpendCraft;
		};
/* End PBXContainerItemProxy section */

/* Begin PBXCopyFilesBuildPhase section */
		79A17C1428F1A3BF006FD368 /* Embed Foundation Extensions */ = {
			isa = PBXCopyFilesBuildPhase;
			buildActionMask = 2147483647;
			dstPath = "";
			dstSubfolderSpec = 13;
			files = (
				79A17C1028F1A3BF006FD368 /* widgetExtension.appex in Embed Foundation Extensions */,
			);
			name = "Embed Foundation Extensions";
			runOnlyForDeploymentPostprocessing = 0;
		};
		79A17C3428F1BC78006FD368 /* Embed Frameworks */ = {
			isa = PBXCopyFilesBuildPhase;
			buildActionMask = 2147483647;
			dstPath = "";
			dstSubfolderSpec = 10;
			files = (
				79A17C3028F1BC78006FD368 /* Framework.framework in Embed Frameworks */,
			);
			name = "Embed Frameworks";
			runOnlyForDeploymentPostprocessing = 0;
		};
		79B2595528F31FAB000D6763 /* Embed Frameworks */ = {
			isa = PBXCopyFilesBuildPhase;
			buildActionMask = 2147483647;
			dstPath = "";
			dstSubfolderSpec = 10;
			files = (
				79B2595228F31FAB000D6763 /* Framework.framework in Embed Frameworks */,
			);
			name = "Embed Frameworks";
			runOnlyForDeploymentPostprocessing = 0;
		};
/* End PBXCopyFilesBuildPhase section */

/* Begin PBXFileReference section */
		7923782728D7678C0069DB01 /* Error.swift */ = {isa = PBXFileReference; lastKnownFileType = sourcecode.swift; path = Error.swift; sourceTree = "<group>"; };
		7923782928D76BD60069DB01 /* Authenticator.swift */ = {isa = PBXFileReference; lastKnownFileType = sourcecode.swift; path = Authenticator.swift; sourceTree = "<group>"; };
		7923782B28D77C0A0069DB01 /* TransactionStore.swift */ = {isa = PBXFileReference; lastKnownFileType = sourcecode.swift; path = TransactionStore.swift; sourceTree = "<group>"; };
		7923783128D7F61E0069DB01 /* TransactionEdit.swift */ = {isa = PBXFileReference; lastKnownFileType = sourcecode.swift; path = TransactionEdit.swift; sourceTree = "<group>"; };
		792681B228F5F98C0005114F /* CategoryItem.swift */ = {isa = PBXFileReference; lastKnownFileType = sourcecode.swift; path = CategoryItem.swift; sourceTree = "<group>"; };
		792681B428F6201C0005114F /* TransactionTypePicker.swift */ = {isa = PBXFileReference; lastKnownFileType = sourcecode.swift; path = TransactionTypePicker.swift; sourceTree = "<group>"; };
		793E6BC028ED1AD900480AC3 /* Http.swift */ = {isa = PBXFileReference; lastKnownFileType = sourcecode.swift; path = Http.swift; sourceTree = "<group>"; };
		793E6BC228EDD06B00480AC3 /* Response.swift */ = {isa = PBXFileReference; lastKnownFileType = sourcecode.swift; path = Response.swift; sourceTree = "<group>"; };
		7946966C28D81FC8005B6408 /* CategoriesView.swift */ = {isa = PBXFileReference; lastKnownFileType = sourcecode.swift; path = CategoriesView.swift; sourceTree = "<group>"; };
		7946966E28D81FF0005B6408 /* PlansView.swift */ = {isa = PBXFileReference; lastKnownFileType = sourcecode.swift; path = PlansView.swift; sourceTree = "<group>"; };
		7946967028D82006005B6408 /* AccountsView.swift */ = {isa = PBXFileReference; lastKnownFileType = sourcecode.swift; path = AccountsView.swift; sourceTree = "<group>"; };
		7946967228D82018005B6408 /* ReportsView.swift */ = {isa = PBXFileReference; lastKnownFileType = sourcecode.swift; path = ReportsView.swift; sourceTree = "<group>"; };
		7946967428D8203A005B6408 /* MainView.swift */ = {isa = PBXFileReference; lastKnownFileType = sourcecode.swift; path = MainView.swift; sourceTree = "<group>"; };
		7946967628D8B99B005B6408 /* CategoriesStore.swift */ = {isa = PBXFileReference; lastKnownFileType = sourcecode.swift; path = CategoriesStore.swift; sourceTree = "<group>"; };
		7946967C28DA1AD1005B6408 /* GroupView.swift */ = {isa = PBXFileReference; lastKnownFileType = sourcecode.swift; path = GroupView.swift; sourceTree = "<group>"; };
		7946967E28DA1F0E005B6408 /* CategoryView.swift */ = {isa = PBXFileReference; lastKnownFileType = sourcecode.swift; path = CategoryView.swift; sourceTree = "<group>"; };
		7946968028DA207D005B6408 /* AmountView.swift */ = {isa = PBXFileReference; lastKnownFileType = sourcecode.swift; path = AmountView.swift; sourceTree = "<group>"; };
		7946968928DAC578005B6408 /* NumericField.swift */ = {isa = PBXFileReference; lastKnownFileType = sourcecode.swift; path = NumericField.swift; sourceTree = "<group>"; };
		7946968B28DB50CE005B6408 /* TransactionView.swift */ = {isa = PBXFileReference; lastKnownFileType = sourcecode.swift; path = TransactionView.swift; sourceTree = "<group>"; };
		7946968D28DCADFE005B6408 /* CategoryPicker.swift */ = {isa = PBXFileReference; lastKnownFileType = sourcecode.swift; path = CategoryPicker.swift; sourceTree = "<group>"; };
		7946969228DCBD6F005B6408 /* CategoryList.swift */ = {isa = PBXFileReference; lastKnownFileType = sourcecode.swift; path = CategoryList.swift; sourceTree = "<group>"; };
		7946969428DE1173005B6408 /* SampleData.swift */ = {isa = PBXFileReference; lastKnownFileType = sourcecode.swift; path = SampleData.swift; sourceTree = "<group>"; };
		795382DE28E663CB00133EFA /* SpendCraft.entitlements */ = {isa = PBXFileReference; lastKnownFileType = text.plist.entitlements; path = SpendCraft.entitlements; sourceTree = "<group>"; };
		795382DF28E7141100133EFA /* SettingsView.swift */ = {isa = PBXFileReference; lastKnownFileType = sourcecode.swift; path = SettingsView.swift; sourceTree = "<group>"; };
		795382E128E7178600133EFA /* AccountRegisterView.swift */ = {isa = PBXFileReference; lastKnownFileType = sourcecode.swift; path = AccountRegisterView.swift; sourceTree = "<group>"; };
		795382E528E71F3500133EFA /* AccountTransactionView.swift */ = {isa = PBXFileReference; lastKnownFileType = sourcecode.swift; path = AccountTransactionView.swift; sourceTree = "<group>"; };
		795382E728E864B800133EFA /* InactiveView.swift */ = {isa = PBXFileReference; lastKnownFileType = sourcecode.swift; path = InactiveView.swift; sourceTree = "<group>"; };
		795382E928E8AAA700133EFA /* Info.plist */ = {isa = PBXFileReference; lastKnownFileType = text.plist; path = Info.plist; sourceTree = "<group>"; };
		797BDEDF28F072C400640173 /* NavModel.swift */ = {isa = PBXFileReference; lastKnownFileType = sourcecode.swift; path = NavModel.swift; sourceTree = "<group>"; };
		79A17BFF28F1A3BD006FD368 /* widgetExtension.appex */ = {isa = PBXFileReference; explicitFileType = "wrapper.app-extension"; includeInIndex = 0; path = widgetExtension.appex; sourceTree = BUILT_PRODUCTS_DIR; };
		79A17C0128F1A3BD006FD368 /* WidgetKit.framework */ = {isa = PBXFileReference; lastKnownFileType = wrapper.framework; name = WidgetKit.framework; path = System/Library/Frameworks/WidgetKit.framework; sourceTree = SDKROOT; };
		79A17C0328F1A3BD006FD368 /* SwiftUI.framework */ = {isa = PBXFileReference; lastKnownFileType = wrapper.framework; name = SwiftUI.framework; path = System/Library/Frameworks/SwiftUI.framework; sourceTree = SDKROOT; };
		79A17C0628F1A3BD006FD368 /* widget.swift */ = {isa = PBXFileReference; lastKnownFileType = sourcecode.swift; path = widget.swift; sourceTree = "<group>"; };
		79A17C0828F1A3BD006FD368 /* widget.intentdefinition */ = {isa = PBXFileReference; lastKnownFileType = file.intentdefinition; path = widget.intentdefinition; sourceTree = "<group>"; };
		79A17C0928F1A3BF006FD368 /* Assets.xcassets */ = {isa = PBXFileReference; lastKnownFileType = folder.assetcatalog; path = Assets.xcassets; sourceTree = "<group>"; };
		79A17C0B28F1A3BF006FD368 /* Info.plist */ = {isa = PBXFileReference; lastKnownFileType = text.plist.xml; path = Info.plist; sourceTree = "<group>"; };
		79A17C1A28F1BC78006FD368 /* Framework.framework */ = {isa = PBXFileReference; explicitFileType = wrapper.framework; includeInIndex = 0; path = Framework.framework; sourceTree = BUILT_PRODUCTS_DIR; };
		79A17C1C28F1BC78006FD368 /* Framework.h */ = {isa = PBXFileReference; lastKnownFileType = sourcecode.c.h; path = Framework.h; sourceTree = "<group>"; };
		79A17C1D28F1BC78006FD368 /* Framework.docc */ = {isa = PBXFileReference; lastKnownFileType = folder.documentationcatalog; path = Framework.docc; sourceTree = "<group>"; };
		79A17C2328F1BC78006FD368 /* FrameworkTests.xctest */ = {isa = PBXFileReference; explicitFileType = wrapper.cfbundle; includeInIndex = 0; path = FrameworkTests.xctest; sourceTree = BUILT_PRODUCTS_DIR; };
		79A17C2A28F1BC78006FD368 /* FrameworkTests.swift */ = {isa = PBXFileReference; lastKnownFileType = sourcecode.swift; path = FrameworkTests.swift; sourceTree = "<group>"; };
		79A17C3A28F1E17E006FD368 /* widgetExtension.entitlements */ = {isa = PBXFileReference; lastKnownFileType = text.plist.entitlements; path = widgetExtension.entitlements; sourceTree = "<group>"; };
		79ADF87428E5D71800227F44 /* AccountsStore.swift */ = {isa = PBXFileReference; lastKnownFileType = sourcecode.swift; path = AccountsStore.swift; sourceTree = "<group>"; };
		79ADF87828E5E0C100227F44 /* InstitutionView.swift */ = {isa = PBXFileReference; lastKnownFileType = sourcecode.swift; path = InstitutionView.swift; sourceTree = "<group>"; };
		79B2594F28F31DCF000D6763 /* Categories.swift */ = {isa = PBXFileReference; lastKnownFileType = sourcecode.swift; path = Categories.swift; sourceTree = "<group>"; };
		79B2595728F32A7E000D6763 /* Response.swift */ = {isa = PBXFileReference; lastKnownFileType = sourcecode.swift; path = Response.swift; sourceTree = "<group>"; };
		79B2595D28F4B4FE000D6763 /* ConfigureWidgetView.swift */ = {isa = PBXFileReference; lastKnownFileType = sourcecode.swift; path = ConfigureWidgetView.swift; sourceTree = "<group>"; };
		79C19C9E28D41BC8003F05F2 /* SpendCraft.app */ = {isa = PBXFileReference; explicitFileType = wrapper.application; includeInIndex = 0; path = SpendCraft.app; sourceTree = BUILT_PRODUCTS_DIR; };
		79C19CA128D41BC8003F05F2 /* SpendCraftApp.swift */ = {isa = PBXFileReference; lastKnownFileType = sourcecode.swift; path = SpendCraftApp.swift; sourceTree = "<group>"; };
		79C19CA528D41BCA003F05F2 /* Assets.xcassets */ = {isa = PBXFileReference; lastKnownFileType = folder.assetcatalog; path = Assets.xcassets; sourceTree = "<group>"; };
		79C19CA828D41BCA003F05F2 /* Preview Assets.xcassets */ = {isa = PBXFileReference; lastKnownFileType = folder.assetcatalog; path = "Preview Assets.xcassets"; sourceTree = "<group>"; };
		79C19CAE28D41BCA003F05F2 /* SpendCraftTests.xctest */ = {isa = PBXFileReference; explicitFileType = wrapper.cfbundle; includeInIndex = 0; path = SpendCraftTests.xctest; sourceTree = BUILT_PRODUCTS_DIR; };
		79C19CB228D41BCA003F05F2 /* SpendCraftTests.swift */ = {isa = PBXFileReference; lastKnownFileType = sourcecode.swift; path = SpendCraftTests.swift; sourceTree = "<group>"; };
		79C19CB828D41BCA003F05F2 /* SpendCraftUITests.xctest */ = {isa = PBXFileReference; explicitFileType = wrapper.cfbundle; includeInIndex = 0; path = SpendCraftUITests.xctest; sourceTree = BUILT_PRODUCTS_DIR; };
		79C19CBC28D41BCA003F05F2 /* SpendCraftUITests.swift */ = {isa = PBXFileReference; lastKnownFileType = sourcecode.swift; path = SpendCraftUITests.swift; sourceTree = "<group>"; };
		79C19CBE28D41BCA003F05F2 /* SpendCraftUITestsLaunchTests.swift */ = {isa = PBXFileReference; lastKnownFileType = sourcecode.swift; path = SpendCraftUITestsLaunchTests.swift; sourceTree = "<group>"; };
		79C19CCB28D4A85E003F05F2 /* LoginView.swift */ = {isa = PBXFileReference; lastKnownFileType = sourcecode.swift; path = LoginView.swift; sourceTree = "<group>"; };
		79C19CCD28D4D80D003F05F2 /* RegisterView.swift */ = {isa = PBXFileReference; lastKnownFileType = sourcecode.swift; path = RegisterView.swift; sourceTree = "<group>"; };
		79C19CD228D517E7003F05F2 /* Transaction.swift */ = {isa = PBXFileReference; lastKnownFileType = sourcecode.swift; path = Transaction.swift; sourceTree = "<group>"; };
		79CF2E4828F6F39000448D65 /* AddCategoryView.swift */ = {isa = PBXFileReference; lastKnownFileType = sourcecode.swift; path = AddCategoryView.swift; sourceTree = "<group>"; };
		79CF2E4A28F7250800448D65 /* AddGroupView.swift */ = {isa = PBXFileReference; lastKnownFileType = sourcecode.swift; path = AddGroupView.swift; sourceTree = "<group>"; };
		79CF2E4C28F7861300448D65 /* EditCategoriesView.swift */ = {isa = PBXFileReference; lastKnownFileType = sourcecode.swift; path = EditCategoriesView.swift; sourceTree = "<group>"; };
		79CF2E4E28F7972800448D65 /* EditGroupView.swift */ = {isa = PBXFileReference; lastKnownFileType = sourcecode.swift; path = EditGroupView.swift; sourceTree = "<group>"; };
		79CF2E5028F79AAA00448D65 /* EditCategoryView.swift */ = {isa = PBXFileReference; lastKnownFileType = sourcecode.swift; path = EditCategoryView.swift; sourceTree = "<group>"; };
		79CF2E5228F79FE900448D65 /* DeleteButton.swift */ = {isa = PBXFileReference; lastKnownFileType = sourcecode.swift; path = DeleteButton.swift; sourceTree = "<group>"; };
		79CF2E5428F7B21600448D65 /* CategoryView2.swift */ = {isa = PBXFileReference; lastKnownFileType = sourcecode.swift; path = CategoryView2.swift; sourceTree = "<group>"; };
		79CF2E5628F7B57900448D65 /* GroupView2.swift */ = {isa = PBXFileReference; lastKnownFileType = sourcecode.swift; path = GroupView2.swift; sourceTree = "<group>"; };
		79CF2E5928F85C3300448D65 /* AppDelegate.swift */ = {isa = PBXFileReference; lastKnownFileType = sourcecode.swift; path = AppDelegate.swift; sourceTree = "<group>"; };
		79CF2E5B28F8E29300448D65 /* ChangePasswordView.swift */ = {isa = PBXFileReference; lastKnownFileType = sourcecode.swift; path = ChangePasswordView.swift; sourceTree = "<group>"; };
/* End PBXFileReference section */

/* Begin PBXFrameworksBuildPhase section */
		79A17BFC28F1A3BD006FD368 /* Frameworks */ = {
			isa = PBXFrameworksBuildPhase;
			buildActionMask = 2147483647;
			files = (
				79A17C0428F1A3BD006FD368 /* SwiftUI.framework in Frameworks */,
				79B2595128F31FAB000D6763 /* Framework.framework in Frameworks */,
				79A17C0228F1A3BD006FD368 /* WidgetKit.framework in Frameworks */,
			);
			runOnlyForDeploymentPostprocessing = 0;
		};
		79A17C1728F1BC78006FD368 /* Frameworks */ = {
			isa = PBXFrameworksBuildPhase;
			buildActionMask = 2147483647;
			files = (
			);
			runOnlyForDeploymentPostprocessing = 0;
		};
		79A17C2028F1BC78006FD368 /* Frameworks */ = {
			isa = PBXFrameworksBuildPhase;
			buildActionMask = 2147483647;
			files = (
				79A17C2428F1BC78006FD368 /* Framework.framework in Frameworks */,
			);
			runOnlyForDeploymentPostprocessing = 0;
		};
		79C19C9B28D41BC8003F05F2 /* Frameworks */ = {
			isa = PBXFrameworksBuildPhase;
			buildActionMask = 2147483647;
			files = (
				79A17C2F28F1BC78006FD368 /* Framework.framework in Frameworks */,
			);
			runOnlyForDeploymentPostprocessing = 0;
		};
		79C19CAB28D41BCA003F05F2 /* Frameworks */ = {
			isa = PBXFrameworksBuildPhase;
			buildActionMask = 2147483647;
			files = (
			);
			runOnlyForDeploymentPostprocessing = 0;
		};
		79C19CB528D41BCA003F05F2 /* Frameworks */ = {
			isa = PBXFrameworksBuildPhase;
			buildActionMask = 2147483647;
			files = (
			);
			runOnlyForDeploymentPostprocessing = 0;
		};
/* End PBXFrameworksBuildPhase section */

/* Begin PBXGroup section */
		7946968228DA2732005B6408 /* Categories */ = {
			isa = PBXGroup;
			children = (
				79C19CCD28D4D80D003F05F2 /* RegisterView.swift */,
				7946968B28DB50CE005B6408 /* TransactionView.swift */,
				7946966C28D81FC8005B6408 /* CategoriesView.swift */,
				7946967E28DA1F0E005B6408 /* CategoryView.swift */,
				7946967C28DA1AD1005B6408 /* GroupView.swift */,
				7923783128D7F61E0069DB01 /* TransactionEdit.swift */,
				79CF2E5828F8336400448D65 /* EditCategories */,
			);
			path = Categories;
			sourceTree = "<group>";
		};
		7946968F28DCAE64005B6408 /* CategoryPicker */ = {
			isa = PBXGroup;
			children = (
				7946968D28DCADFE005B6408 /* CategoryPicker.swift */,
				7946969228DCBD6F005B6408 /* CategoryList.swift */,
				792681B228F5F98C0005114F /* CategoryItem.swift */,
			);
			path = CategoryPicker;
			sourceTree = "<group>";
		};
		79A17C0028F1A3BD006FD368 /* Frameworks */ = {
			isa = PBXGroup;
			children = (
				79A17C0128F1A3BD006FD368 /* WidgetKit.framework */,
				79A17C0328F1A3BD006FD368 /* SwiftUI.framework */,
			);
			name = Frameworks;
			sourceTree = "<group>";
		};
		79A17C0528F1A3BD006FD368 /* widget */ = {
			isa = PBXGroup;
			children = (
				79A17C0628F1A3BD006FD368 /* widget.swift */,
				79A17C0828F1A3BD006FD368 /* widget.intentdefinition */,
				79A17C0928F1A3BF006FD368 /* Assets.xcassets */,
				79A17C0B28F1A3BF006FD368 /* Info.plist */,
			);
			path = widget;
			sourceTree = "<group>";
		};
		79A17C1B28F1BC78006FD368 /* Framework */ = {
			isa = PBXGroup;
			children = (
				79A17C1C28F1BC78006FD368 /* Framework.h */,
				7923782728D7678C0069DB01 /* Error.swift */,
				79B2594F28F31DCF000D6763 /* Categories.swift */,
				7946968028DA207D005B6408 /* AmountView.swift */,
				793E6BC028ED1AD900480AC3 /* Http.swift */,
				793E6BC228EDD06B00480AC3 /* Response.swift */,
				79A17C1D28F1BC78006FD368 /* Framework.docc */,
			);
			path = Framework;
			sourceTree = "<group>";
		};
		79A17C2928F1BC78006FD368 /* FrameworkTests */ = {
			isa = PBXGroup;
			children = (
				79A17C2A28F1BC78006FD368 /* FrameworkTests.swift */,
			);
			path = FrameworkTests;
			sourceTree = "<group>";
		};
		79ADF87328E5D49B00227F44 /* Accounts */ = {
			isa = PBXGroup;
			children = (
				7946967028D82006005B6408 /* AccountsView.swift */,
				79ADF87828E5E0C100227F44 /* InstitutionView.swift */,
				795382E128E7178600133EFA /* AccountRegisterView.swift */,
				795382E528E71F3500133EFA /* AccountTransactionView.swift */,
			);
			path = Accounts;
			sourceTree = "<group>";
		};
		79C19C9528D41BC8003F05F2 = {
			isa = PBXGroup;
			children = (
				79A17C3A28F1E17E006FD368 /* widgetExtension.entitlements */,
				79C19CA028D41BC8003F05F2 /* SpendCraft */,
				79C19CB128D41BCA003F05F2 /* SpendCraftTests */,
				79C19CBB28D41BCA003F05F2 /* SpendCraftUITests */,
				79A17C0528F1A3BD006FD368 /* widget */,
				79A17C1B28F1BC78006FD368 /* Framework */,
				79A17C2928F1BC78006FD368 /* FrameworkTests */,
				79A17C0028F1A3BD006FD368 /* Frameworks */,
				79C19C9F28D41BC8003F05F2 /* Products */,
			);
			sourceTree = "<group>";
		};
		79C19C9F28D41BC8003F05F2 /* Products */ = {
			isa = PBXGroup;
			children = (
				79C19C9E28D41BC8003F05F2 /* SpendCraft.app */,
				79C19CAE28D41BCA003F05F2 /* SpendCraftTests.xctest */,
				79C19CB828D41BCA003F05F2 /* SpendCraftUITests.xctest */,
				79A17BFF28F1A3BD006FD368 /* widgetExtension.appex */,
				79A17C1A28F1BC78006FD368 /* Framework.framework */,
				79A17C2328F1BC78006FD368 /* FrameworkTests.xctest */,
			);
			name = Products;
			sourceTree = "<group>";
		};
		79C19CA028D41BC8003F05F2 /* SpendCraft */ = {
			isa = PBXGroup;
			children = (
				795382E928E8AAA700133EFA /* Info.plist */,
				795382DE28E663CB00133EFA /* SpendCraft.entitlements */,
				79C19CA128D41BC8003F05F2 /* SpendCraftApp.swift */,
				79CF2E5928F85C3300448D65 /* AppDelegate.swift */,
				795382E728E864B800133EFA /* InactiveView.swift */,
				79C19CCB28D4A85E003F05F2 /* LoginView.swift */,
				79ADF87328E5D49B00227F44 /* Accounts */,
				7946968228DA2732005B6408 /* Categories */,
				7946966E28D81FF0005B6408 /* PlansView.swift */,
				7946967228D82018005B6408 /* ReportsView.swift */,
				792681B428F6201C0005114F /* TransactionTypePicker.swift */,
				7946967428D8203A005B6408 /* MainView.swift */,
				79B2595D28F4B4FE000D6763 /* ConfigureWidgetView.swift */,
				795382DF28E7141100133EFA /* SettingsView.swift */,
				79CF2E5B28F8E29300448D65 /* ChangePasswordView.swift */,
				7946968928DAC578005B6408 /* NumericField.swift */,
				7946968F28DCAE64005B6408 /* CategoryPicker */,
				79C19CD128D517D1003F05F2 /* Models */,
				79C19CA528D41BCA003F05F2 /* Assets.xcassets */,
				79C19CA728D41BCA003F05F2 /* Preview Content */,
			);
			path = SpendCraft;
			sourceTree = "<group>";
		};
		79C19CA728D41BCA003F05F2 /* Preview Content */ = {
			isa = PBXGroup;
			children = (
				79C19CA828D41BCA003F05F2 /* Preview Assets.xcassets */,
			);
			path = "Preview Content";
			sourceTree = "<group>";
		};
		79C19CB128D41BCA003F05F2 /* SpendCraftTests */ = {
			isa = PBXGroup;
			children = (
				79C19CB228D41BCA003F05F2 /* SpendCraftTests.swift */,
			);
			path = SpendCraftTests;
			sourceTree = "<group>";
		};
		79C19CBB28D41BCA003F05F2 /* SpendCraftUITests */ = {
			isa = PBXGroup;
			children = (
				79C19CBC28D41BCA003F05F2 /* SpendCraftUITests.swift */,
				79C19CBE28D41BCA003F05F2 /* SpendCraftUITestsLaunchTests.swift */,
			);
			path = SpendCraftUITests;
			sourceTree = "<group>";
		};
		79C19CD128D517D1003F05F2 /* Models */ = {
			isa = PBXGroup;
			children = (
				79C19CD228D517E7003F05F2 /* Transaction.swift */,
				7946969428DE1173005B6408 /* SampleData.swift */,
				79ADF87428E5D71800227F44 /* AccountsStore.swift */,
				797BDEDF28F072C400640173 /* NavModel.swift */,
				7946967628D8B99B005B6408 /* CategoriesStore.swift */,
				7923782B28D77C0A0069DB01 /* TransactionStore.swift */,
				7923782928D76BD60069DB01 /* Authenticator.swift */,
				79B2595728F32A7E000D6763 /* Response.swift */,
			);
			path = Models;
			sourceTree = "<group>";
		};
		79CF2E5828F8336400448D65 /* EditCategories */ = {
			isa = PBXGroup;
			children = (
				79CF2E4C28F7861300448D65 /* EditCategoriesView.swift */,
				79CF2E5628F7B57900448D65 /* GroupView2.swift */,
				79CF2E5428F7B21600448D65 /* CategoryView2.swift */,
				79CF2E4828F6F39000448D65 /* AddCategoryView.swift */,
				79CF2E4A28F7250800448D65 /* AddGroupView.swift */,
				79CF2E4E28F7972800448D65 /* EditGroupView.swift */,
				79CF2E5028F79AAA00448D65 /* EditCategoryView.swift */,
				79CF2E5228F79FE900448D65 /* DeleteButton.swift */,
			);
			path = EditCategories;
			sourceTree = "<group>";
		};
/* End PBXGroup section */

/* Begin PBXHeadersBuildPhase section */
		79A17C1528F1BC78006FD368 /* Headers */ = {
			isa = PBXHeadersBuildPhase;
			buildActionMask = 2147483647;
			files = (
				79A17C2C28F1BC78006FD368 /* Framework.h in Headers */,
			);
			runOnlyForDeploymentPostprocessing = 0;
		};
/* End PBXHeadersBuildPhase section */

/* Begin PBXNativeTarget section */
		79A17BFE28F1A3BD006FD368 /* widgetExtension */ = {
			isa = PBXNativeTarget;
			buildConfigurationList = 79A17C1128F1A3BF006FD368 /* Build configuration list for PBXNativeTarget "widgetExtension" */;
			buildPhases = (
				79A17BFB28F1A3BD006FD368 /* Sources */,
				79A17BFC28F1A3BD006FD368 /* Frameworks */,
				79A17BFD28F1A3BD006FD368 /* Resources */,
				79B2595528F31FAB000D6763 /* Embed Frameworks */,
			);
			buildRules = (
			);
			dependencies = (
				79B2595428F31FAB000D6763 /* PBXTargetDependency */,
			);
			name = widgetExtension;
			productName = widgetExtension;
			productReference = 79A17BFF28F1A3BD006FD368 /* widgetExtension.appex */;
			productType = "com.apple.product-type.app-extension";
		};
		79A17C1928F1BC78006FD368 /* Framework */ = {
			isa = PBXNativeTarget;
			buildConfigurationList = 79A17C3128F1BC78006FD368 /* Build configuration list for PBXNativeTarget "Framework" */;
			buildPhases = (
				79A17C1528F1BC78006FD368 /* Headers */,
				79A17C1628F1BC78006FD368 /* Sources */,
				79A17C1728F1BC78006FD368 /* Frameworks */,
				79A17C1828F1BC78006FD368 /* Resources */,
			);
			buildRules = (
			);
			dependencies = (
			);
			name = Framework;
			productName = Framework;
			productReference = 79A17C1A28F1BC78006FD368 /* Framework.framework */;
			productType = "com.apple.product-type.framework";
		};
		79A17C2228F1BC78006FD368 /* FrameworkTests */ = {
			isa = PBXNativeTarget;
			buildConfigurationList = 79A17C3528F1BC78006FD368 /* Build configuration list for PBXNativeTarget "FrameworkTests" */;
			buildPhases = (
				79A17C1F28F1BC78006FD368 /* Sources */,
				79A17C2028F1BC78006FD368 /* Frameworks */,
				79A17C2128F1BC78006FD368 /* Resources */,
			);
			buildRules = (
			);
			dependencies = (
				79A17C2628F1BC78006FD368 /* PBXTargetDependency */,
				79A17C2828F1BC78006FD368 /* PBXTargetDependency */,
			);
			name = FrameworkTests;
			productName = FrameworkTests;
			productReference = 79A17C2328F1BC78006FD368 /* FrameworkTests.xctest */;
			productType = "com.apple.product-type.bundle.unit-test";
		};
		79C19C9D28D41BC8003F05F2 /* SpendCraft */ = {
			isa = PBXNativeTarget;
			buildConfigurationList = 79C19CC228D41BCA003F05F2 /* Build configuration list for PBXNativeTarget "SpendCraft" */;
			buildPhases = (
				79C19C9A28D41BC8003F05F2 /* Sources */,
				79C19C9B28D41BC8003F05F2 /* Frameworks */,
				79C19C9C28D41BC8003F05F2 /* Resources */,
				79A17C1428F1A3BF006FD368 /* Embed Foundation Extensions */,
				79A17C3428F1BC78006FD368 /* Embed Frameworks */,
			);
			buildRules = (
			);
			dependencies = (
				79A17C0F28F1A3BF006FD368 /* PBXTargetDependency */,
				79A17C2E28F1BC78006FD368 /* PBXTargetDependency */,
			);
			name = SpendCraft;
			productName = SpendCraft;
			productReference = 79C19C9E28D41BC8003F05F2 /* SpendCraft.app */;
			productType = "com.apple.product-type.application";
		};
		79C19CAD28D41BCA003F05F2 /* SpendCraftTests */ = {
			isa = PBXNativeTarget;
			buildConfigurationList = 79C19CC528D41BCA003F05F2 /* Build configuration list for PBXNativeTarget "SpendCraftTests" */;
			buildPhases = (
				79C19CAA28D41BCA003F05F2 /* Sources */,
				79C19CAB28D41BCA003F05F2 /* Frameworks */,
				79C19CAC28D41BCA003F05F2 /* Resources */,
			);
			buildRules = (
			);
			dependencies = (
				79C19CB028D41BCA003F05F2 /* PBXTargetDependency */,
			);
			name = SpendCraftTests;
			productName = SpendCraftTests;
			productReference = 79C19CAE28D41BCA003F05F2 /* SpendCraftTests.xctest */;
			productType = "com.apple.product-type.bundle.unit-test";
		};
		79C19CB728D41BCA003F05F2 /* SpendCraftUITests */ = {
			isa = PBXNativeTarget;
			buildConfigurationList = 79C19CC828D41BCA003F05F2 /* Build configuration list for PBXNativeTarget "SpendCraftUITests" */;
			buildPhases = (
				79C19CB428D41BCA003F05F2 /* Sources */,
				79C19CB528D41BCA003F05F2 /* Frameworks */,
				79C19CB628D41BCA003F05F2 /* Resources */,
			);
			buildRules = (
			);
			dependencies = (
				79C19CBA28D41BCA003F05F2 /* PBXTargetDependency */,
			);
			name = SpendCraftUITests;
			productName = SpendCraftUITests;
			productReference = 79C19CB828D41BCA003F05F2 /* SpendCraftUITests.xctest */;
			productType = "com.apple.product-type.bundle.ui-testing";
		};
/* End PBXNativeTarget section */

/* Begin PBXProject section */
		79C19C9628D41BC8003F05F2 /* Project object */ = {
			isa = PBXProject;
			attributes = {
				BuildIndependentTargetsInParallel = 1;
				LastSwiftUpdateCheck = 1400;
				LastUpgradeCheck = 1340;
				TargetAttributes = {
					79A17BFE28F1A3BD006FD368 = {
						CreatedOnToolsVersion = 14.0.1;
					};
					79A17C1928F1BC78006FD368 = {
						CreatedOnToolsVersion = 14.0.1;
					};
					79A17C2228F1BC78006FD368 = {
						CreatedOnToolsVersion = 14.0.1;
						TestTargetID = 79C19C9D28D41BC8003F05F2;
					};
					79C19C9D28D41BC8003F05F2 = {
						CreatedOnToolsVersion = 13.4.1;
					};
					79C19CAD28D41BCA003F05F2 = {
						CreatedOnToolsVersion = 13.4.1;
						TestTargetID = 79C19C9D28D41BC8003F05F2;
					};
					79C19CB728D41BCA003F05F2 = {
						CreatedOnToolsVersion = 13.4.1;
						TestTargetID = 79C19C9D28D41BC8003F05F2;
					};
				};
			};
			buildConfigurationList = 79C19C9928D41BC8003F05F2 /* Build configuration list for PBXProject "SpendCraft" */;
			compatibilityVersion = "Xcode 13.0";
			developmentRegion = en;
			hasScannedForEncodings = 0;
			knownRegions = (
				en,
				Base,
			);
			mainGroup = 79C19C9528D41BC8003F05F2;
			productRefGroup = 79C19C9F28D41BC8003F05F2 /* Products */;
			projectDirPath = "";
			projectRoot = "";
			targets = (
				79C19C9D28D41BC8003F05F2 /* SpendCraft */,
				79C19CAD28D41BCA003F05F2 /* SpendCraftTests */,
				79C19CB728D41BCA003F05F2 /* SpendCraftUITests */,
				79A17BFE28F1A3BD006FD368 /* widgetExtension */,
				79A17C1928F1BC78006FD368 /* Framework */,
				79A17C2228F1BC78006FD368 /* FrameworkTests */,
			);
		};
/* End PBXProject section */

/* Begin PBXResourcesBuildPhase section */
		79A17BFD28F1A3BD006FD368 /* Resources */ = {
			isa = PBXResourcesBuildPhase;
			buildActionMask = 2147483647;
			files = (
				79A17C0A28F1A3BF006FD368 /* Assets.xcassets in Resources */,
			);
			runOnlyForDeploymentPostprocessing = 0;
		};
		79A17C1828F1BC78006FD368 /* Resources */ = {
			isa = PBXResourcesBuildPhase;
			buildActionMask = 2147483647;
			files = (
			);
			runOnlyForDeploymentPostprocessing = 0;
		};
		79A17C2128F1BC78006FD368 /* Resources */ = {
			isa = PBXResourcesBuildPhase;
			buildActionMask = 2147483647;
			files = (
			);
			runOnlyForDeploymentPostprocessing = 0;
		};
		79C19C9C28D41BC8003F05F2 /* Resources */ = {
			isa = PBXResourcesBuildPhase;
			buildActionMask = 2147483647;
			files = (
				79C19CA928D41BCA003F05F2 /* Preview Assets.xcassets in Resources */,
				79C19CA628D41BCA003F05F2 /* Assets.xcassets in Resources */,
			);
			runOnlyForDeploymentPostprocessing = 0;
		};
		79C19CAC28D41BCA003F05F2 /* Resources */ = {
			isa = PBXResourcesBuildPhase;
			buildActionMask = 2147483647;
			files = (
			);
			runOnlyForDeploymentPostprocessing = 0;
		};
		79C19CB628D41BCA003F05F2 /* Resources */ = {
			isa = PBXResourcesBuildPhase;
			buildActionMask = 2147483647;
			files = (
			);
			runOnlyForDeploymentPostprocessing = 0;
		};
/* End PBXResourcesBuildPhase section */

/* Begin PBXSourcesBuildPhase section */
		79A17BFB28F1A3BD006FD368 /* Sources */ = {
			isa = PBXSourcesBuildPhase;
			buildActionMask = 2147483647;
			files = (
				79A17C0C28F1A3BF006FD368 /* widget.intentdefinition in Sources */,
				79A17C0728F1A3BD006FD368 /* widget.swift in Sources */,
			);
			runOnlyForDeploymentPostprocessing = 0;
		};
		79A17C1628F1BC78006FD368 /* Sources */ = {
			isa = PBXSourcesBuildPhase;
			buildActionMask = 2147483647;
			files = (
				79A17C1E28F1BC78006FD368 /* Framework.docc in Sources */,
				79B2595028F31DCF000D6763 /* Categories.swift in Sources */,
				79B2595A28F34DB6000D6763 /* AmountView.swift in Sources */,
				79A17C3928F1C30D006FD368 /* Error.swift in Sources */,
				79A17C3828F1C1EB006FD368 /* Http.swift in Sources */,
				79B2595628F329D7000D6763 /* Response.swift in Sources */,
			);
			runOnlyForDeploymentPostprocessing = 0;
		};
		79A17C1F28F1BC78006FD368 /* Sources */ = {
			isa = PBXSourcesBuildPhase;
			buildActionMask = 2147483647;
			files = (
				79A17C2B28F1BC78006FD368 /* FrameworkTests.swift in Sources */,
			);
			runOnlyForDeploymentPostprocessing = 0;
		};
		79C19C9A28D41BC8003F05F2 /* Sources */ = {
			isa = PBXSourcesBuildPhase;
			buildActionMask = 2147483647;
			files = (
				79C19CCC28D4A85F003F05F2 /* LoginView.swift in Sources */,
				79CF2E5C28F8E29300448D65 /* ChangePasswordView.swift in Sources */,
				79B2595E28F4B4FE000D6763 /* ConfigureWidgetView.swift in Sources */,
				7946967328D82018005B6408 /* ReportsView.swift in Sources */,
				7946967D28DA1AD1005B6408 /* GroupView.swift in Sources */,
				79CF2E5A28F85C3300448D65 /* AppDelegate.swift in Sources */,
				7923783228D7F61E0069DB01 /* TransactionEdit.swift in Sources */,
				79CF2E4F28F7972800448D65 /* EditGroupView.swift in Sources */,
				79B2595828F32A7E000D6763 /* Response.swift in Sources */,
				79A17C0D28F1A3BF006FD368 /* widget.intentdefinition in Sources */,
				79ADF87528E5D71800227F44 /* AccountsStore.swift in Sources */,
				79CF2E5128F79AAA00448D65 /* EditCategoryView.swift in Sources */,
				795382E628E71F3500133EFA /* AccountTransactionView.swift in Sources */,
				79CF2E4928F6F39000448D65 /* AddCategoryView.swift in Sources */,
				79C19CCE28D4D80E003F05F2 /* RegisterView.swift in Sources */,
				7946967128D82006005B6408 /* AccountsView.swift in Sources */,
				79CF2E4D28F7861300448D65 /* EditCategoriesView.swift in Sources */,
				79CF2E4B28F7250800448D65 /* AddGroupView.swift in Sources */,
				7946967F28DA1F0E005B6408 /* CategoryView.swift in Sources */,
				79CF2E5528F7B21600448D65 /* CategoryView2.swift in Sources */,
				7946968C28DB50CE005B6408 /* TransactionView.swift in Sources */,
				7923782C28D77C0A0069DB01 /* TransactionStore.swift in Sources */,
				797BDEE028F072C400640173 /* NavModel.swift in Sources */,
				79CF2E5728F7B57900448D65 /* GroupView2.swift in Sources */,
				795382E828E864B800133EFA /* InactiveView.swift in Sources */,
				7946966F28D81FF0005B6408 /* PlansView.swift in Sources */,
				79C19CD328D517E7003F05F2 /* Transaction.swift in Sources */,
				795382E028E7141100133EFA /* SettingsView.swift in Sources */,
				7946969528DE1173005B6408 /* SampleData.swift in Sources */,
				7946967528D8203A005B6408 /* MainView.swift in Sources */,
				79CF2E5328F79FE900448D65 /* DeleteButton.swift in Sources */,
				795382E228E7178600133EFA /* AccountRegisterView.swift in Sources */,
				7946967728D8B99B005B6408 /* CategoriesStore.swift in Sources */,
				7946968E28DCADFE005B6408 /* CategoryPicker.swift in Sources */,
				7946966D28D81FC8005B6408 /* CategoriesView.swift in Sources */,
				79C19CA228D41BC8003F05F2 /* SpendCraftApp.swift in Sources */,
				79ADF87928E5E0C100227F44 /* InstitutionView.swift in Sources */,
				7946969328DCBD6F005B6408 /* CategoryList.swift in Sources */,
				792681B528F6201C0005114F /* TransactionTypePicker.swift in Sources */,
				7946968A28DAC578005B6408 /* NumericField.swift in Sources */,
				792681B328F5F98C0005114F /* CategoryItem.swift in Sources */,
				7923782A28D76BD60069DB01 /* Authenticator.swift in Sources */,
			);
			runOnlyForDeploymentPostprocessing = 0;
		};
		79C19CAA28D41BCA003F05F2 /* Sources */ = {
			isa = PBXSourcesBuildPhase;
			buildActionMask = 2147483647;
			files = (
				79C19CB328D41BCA003F05F2 /* SpendCraftTests.swift in Sources */,
			);
			runOnlyForDeploymentPostprocessing = 0;
		};
		79C19CB428D41BCA003F05F2 /* Sources */ = {
			isa = PBXSourcesBuildPhase;
			buildActionMask = 2147483647;
			files = (
				79C19CBF28D41BCA003F05F2 /* SpendCraftUITestsLaunchTests.swift in Sources */,
				79C19CBD28D41BCA003F05F2 /* SpendCraftUITests.swift in Sources */,
			);
			runOnlyForDeploymentPostprocessing = 0;
		};
/* End PBXSourcesBuildPhase section */

/* Begin PBXTargetDependency section */
		79A17C0F28F1A3BF006FD368 /* PBXTargetDependency */ = {
			isa = PBXTargetDependency;
			target = 79A17BFE28F1A3BD006FD368 /* widgetExtension */;
			targetProxy = 79A17C0E28F1A3BF006FD368 /* PBXContainerItemProxy */;
		};
		79A17C2628F1BC78006FD368 /* PBXTargetDependency */ = {
			isa = PBXTargetDependency;
			target = 79A17C1928F1BC78006FD368 /* Framework */;
			targetProxy = 79A17C2528F1BC78006FD368 /* PBXContainerItemProxy */;
		};
		79A17C2828F1BC78006FD368 /* PBXTargetDependency */ = {
			isa = PBXTargetDependency;
			target = 79C19C9D28D41BC8003F05F2 /* SpendCraft */;
			targetProxy = 79A17C2728F1BC78006FD368 /* PBXContainerItemProxy */;
		};
		79A17C2E28F1BC78006FD368 /* PBXTargetDependency */ = {
			isa = PBXTargetDependency;
			target = 79A17C1928F1BC78006FD368 /* Framework */;
			targetProxy = 79A17C2D28F1BC78006FD368 /* PBXContainerItemProxy */;
		};
		79B2595428F31FAB000D6763 /* PBXTargetDependency */ = {
			isa = PBXTargetDependency;
			target = 79A17C1928F1BC78006FD368 /* Framework */;
			targetProxy = 79B2595328F31FAB000D6763 /* PBXContainerItemProxy */;
		};
		79C19CB028D41BCA003F05F2 /* PBXTargetDependency */ = {
			isa = PBXTargetDependency;
			target = 79C19C9D28D41BC8003F05F2 /* SpendCraft */;
			targetProxy = 79C19CAF28D41BCA003F05F2 /* PBXContainerItemProxy */;
		};
		79C19CBA28D41BCA003F05F2 /* PBXTargetDependency */ = {
			isa = PBXTargetDependency;
			target = 79C19C9D28D41BC8003F05F2 /* SpendCraft */;
			targetProxy = 79C19CB928D41BCA003F05F2 /* PBXContainerItemProxy */;
		};
/* End PBXTargetDependency section */

/* Begin XCBuildConfiguration section */
		79A17C1228F1A3BF006FD368 /* Debug */ = {
			isa = XCBuildConfiguration;
			buildSettings = {
				ASSETCATALOG_COMPILER_GLOBAL_ACCENT_COLOR_NAME = AccentColor;
				ASSETCATALOG_COMPILER_WIDGET_BACKGROUND_COLOR_NAME = WidgetBackground;
				CLANG_CXX_LANGUAGE_STANDARD = "gnu++20";
				CODE_SIGN_ENTITLEMENTS = widgetExtension.entitlements;
				CODE_SIGN_STYLE = Automatic;
				CURRENT_PROJECT_VERSION = 20;
				DEVELOPMENT_TEAM = N7MR48SV68;
				GENERATE_INFOPLIST_FILE = YES;
				INFOPLIST_FILE = widget/Info.plist;
				INFOPLIST_KEY_CFBundleDisplayName = widget;
				INFOPLIST_KEY_NSHumanReadableCopyright = "";
				IPHONEOS_DEPLOYMENT_TARGET = 16.0;
				LD_RUNPATH_SEARCH_PATHS = (
					"$(inherited)",
					"@executable_path/Frameworks",
					"@executable_path/../../Frameworks",
				);
				MARKETING_VERSION = 1.0.20;
				PRODUCT_BUNDLE_IDENTIFIER = app.spendcraft.widget;
				PRODUCT_NAME = "$(TARGET_NAME)";
				SKIP_INSTALL = YES;
				SWIFT_EMIT_LOC_STRINGS = YES;
				SWIFT_VERSION = 5.0;
				TARGETED_DEVICE_FAMILY = "1,2";
			};
			name = Debug;
		};
		79A17C1328F1A3BF006FD368 /* Release */ = {
			isa = XCBuildConfiguration;
			buildSettings = {
				ASSETCATALOG_COMPILER_GLOBAL_ACCENT_COLOR_NAME = AccentColor;
				ASSETCATALOG_COMPILER_WIDGET_BACKGROUND_COLOR_NAME = WidgetBackground;
				CLANG_CXX_LANGUAGE_STANDARD = "gnu++20";
				CODE_SIGN_ENTITLEMENTS = widgetExtension.entitlements;
				CODE_SIGN_STYLE = Automatic;
				CURRENT_PROJECT_VERSION = 20;
				DEVELOPMENT_TEAM = N7MR48SV68;
				GENERATE_INFOPLIST_FILE = YES;
				INFOPLIST_FILE = widget/Info.plist;
				INFOPLIST_KEY_CFBundleDisplayName = widget;
				INFOPLIST_KEY_NSHumanReadableCopyright = "";
				IPHONEOS_DEPLOYMENT_TARGET = 16.0;
				LD_RUNPATH_SEARCH_PATHS = (
					"$(inherited)",
					"@executable_path/Frameworks",
					"@executable_path/../../Frameworks",
				);
				MARKETING_VERSION = 1.0.20;
				PRODUCT_BUNDLE_IDENTIFIER = app.spendcraft.widget;
				PRODUCT_NAME = "$(TARGET_NAME)";
				SKIP_INSTALL = YES;
				SWIFT_EMIT_LOC_STRINGS = YES;
				SWIFT_VERSION = 5.0;
				TARGETED_DEVICE_FAMILY = "1,2";
			};
			name = Release;
		};
		79A17C3228F1BC78006FD368 /* Debug */ = {
			isa = XCBuildConfiguration;
			buildSettings = {
				APPLICATION_EXTENSION_API_ONLY = YES;
				CLANG_CXX_LANGUAGE_STANDARD = "gnu++20";
				CODE_SIGN_STYLE = Automatic;
				CURRENT_PROJECT_VERSION = 1;
				DEFINES_MODULE = YES;
				DEVELOPMENT_TEAM = N7MR48SV68;
				DYLIB_COMPATIBILITY_VERSION = 1;
				DYLIB_CURRENT_VERSION = 1;
				DYLIB_INSTALL_NAME_BASE = "@rpath";
				GENERATE_INFOPLIST_FILE = YES;
				INFOPLIST_KEY_NSHumanReadableCopyright = "";
				INSTALL_PATH = "$(LOCAL_LIBRARY_DIR)/Frameworks";
				IPHONEOS_DEPLOYMENT_TARGET = 16.0;
				LD_RUNPATH_SEARCH_PATHS = (
					"$(inherited)",
					"@executable_path/Frameworks",
					"@loader_path/Frameworks",
				);
				MARKETING_VERSION = 1.0;
				PRODUCT_BUNDLE_IDENTIFIER = app.spendcraft.framework;
				PRODUCT_NAME = "$(TARGET_NAME:c99extidentifier)";
				SKIP_INSTALL = YES;
				SWIFT_EMIT_LOC_STRINGS = YES;
				SWIFT_VERSION = 5.0;
				TARGETED_DEVICE_FAMILY = "1,2";
				VERSIONING_SYSTEM = "apple-generic";
				VERSION_INFO_PREFIX = "";
			};
			name = Debug;
		};
		79A17C3328F1BC78006FD368 /* Release */ = {
			isa = XCBuildConfiguration;
			buildSettings = {
				APPLICATION_EXTENSION_API_ONLY = YES;
				CLANG_CXX_LANGUAGE_STANDARD = "gnu++20";
				CODE_SIGN_STYLE = Automatic;
				CURRENT_PROJECT_VERSION = 1;
				DEFINES_MODULE = YES;
				DEVELOPMENT_TEAM = N7MR48SV68;
				DYLIB_COMPATIBILITY_VERSION = 1;
				DYLIB_CURRENT_VERSION = 1;
				DYLIB_INSTALL_NAME_BASE = "@rpath";
				GENERATE_INFOPLIST_FILE = YES;
				INFOPLIST_KEY_NSHumanReadableCopyright = "";
				INSTALL_PATH = "$(LOCAL_LIBRARY_DIR)/Frameworks";
				IPHONEOS_DEPLOYMENT_TARGET = 16.0;
				LD_RUNPATH_SEARCH_PATHS = (
					"$(inherited)",
					"@executable_path/Frameworks",
					"@loader_path/Frameworks",
				);
				MARKETING_VERSION = 1.0;
				PRODUCT_BUNDLE_IDENTIFIER = app.spendcraft.framework;
				PRODUCT_NAME = "$(TARGET_NAME:c99extidentifier)";
				SKIP_INSTALL = YES;
				SWIFT_EMIT_LOC_STRINGS = YES;
				SWIFT_VERSION = 5.0;
				TARGETED_DEVICE_FAMILY = "1,2";
				VERSIONING_SYSTEM = "apple-generic";
				VERSION_INFO_PREFIX = "";
			};
			name = Release;
		};
		79A17C3628F1BC78006FD368 /* Debug */ = {
			isa = XCBuildConfiguration;
			buildSettings = {
				ALWAYS_EMBED_SWIFT_STANDARD_LIBRARIES = YES;
				CLANG_CXX_LANGUAGE_STANDARD = "gnu++20";
				CODE_SIGN_STYLE = Automatic;
				CURRENT_PROJECT_VERSION = 1;
				DEVELOPMENT_TEAM = N7MR48SV68;
				GENERATE_INFOPLIST_FILE = YES;
				IPHONEOS_DEPLOYMENT_TARGET = 16.0;
				MARKETING_VERSION = 1.0;
				PRODUCT_BUNDLE_IDENTIFIER = app.spendcraft.FrameworkTests;
				PRODUCT_NAME = "$(TARGET_NAME)";
				SWIFT_EMIT_LOC_STRINGS = NO;
				SWIFT_VERSION = 5.0;
				TARGETED_DEVICE_FAMILY = "1,2";
				TEST_HOST = "$(BUILT_PRODUCTS_DIR)/SpendCraft.app/$(BUNDLE_EXECUTABLE_FOLDER_PATH)/SpendCraft";
			};
			name = Debug;
		};
		79A17C3728F1BC78006FD368 /* Release */ = {
			isa = XCBuildConfiguration;
			buildSettings = {
				ALWAYS_EMBED_SWIFT_STANDARD_LIBRARIES = YES;
				CLANG_CXX_LANGUAGE_STANDARD = "gnu++20";
				CODE_SIGN_STYLE = Automatic;
				CURRENT_PROJECT_VERSION = 1;
				DEVELOPMENT_TEAM = N7MR48SV68;
				GENERATE_INFOPLIST_FILE = YES;
				IPHONEOS_DEPLOYMENT_TARGET = 16.0;
				MARKETING_VERSION = 1.0;
				PRODUCT_BUNDLE_IDENTIFIER = app.spendcraft.FrameworkTests;
				PRODUCT_NAME = "$(TARGET_NAME)";
				SWIFT_EMIT_LOC_STRINGS = NO;
				SWIFT_VERSION = 5.0;
				TARGETED_DEVICE_FAMILY = "1,2";
				TEST_HOST = "$(BUILT_PRODUCTS_DIR)/SpendCraft.app/$(BUNDLE_EXECUTABLE_FOLDER_PATH)/SpendCraft";
			};
			name = Release;
		};
		79C19CC028D41BCA003F05F2 /* Debug */ = {
			isa = XCBuildConfiguration;
			buildSettings = {
				ALWAYS_SEARCH_USER_PATHS = NO;
				CLANG_ANALYZER_NONNULL = YES;
				CLANG_ANALYZER_NUMBER_OBJECT_CONVERSION = YES_AGGRESSIVE;
				CLANG_CXX_LANGUAGE_STANDARD = "gnu++17";
				CLANG_ENABLE_MODULES = YES;
				CLANG_ENABLE_OBJC_ARC = YES;
				CLANG_ENABLE_OBJC_WEAK = YES;
				CLANG_WARN_BLOCK_CAPTURE_AUTORELEASING = YES;
				CLANG_WARN_BOOL_CONVERSION = YES;
				CLANG_WARN_COMMA = YES;
				CLANG_WARN_CONSTANT_CONVERSION = YES;
				CLANG_WARN_DEPRECATED_OBJC_IMPLEMENTATIONS = YES;
				CLANG_WARN_DIRECT_OBJC_ISA_USAGE = YES_ERROR;
				CLANG_WARN_DOCUMENTATION_COMMENTS = YES;
				CLANG_WARN_EMPTY_BODY = YES;
				CLANG_WARN_ENUM_CONVERSION = YES;
				CLANG_WARN_INFINITE_RECURSION = YES;
				CLANG_WARN_INT_CONVERSION = YES;
				CLANG_WARN_NON_LITERAL_NULL_CONVERSION = YES;
				CLANG_WARN_OBJC_IMPLICIT_RETAIN_SELF = YES;
				CLANG_WARN_OBJC_LITERAL_CONVERSION = YES;
				CLANG_WARN_OBJC_ROOT_CLASS = YES_ERROR;
				CLANG_WARN_QUOTED_INCLUDE_IN_FRAMEWORK_HEADER = YES;
				CLANG_WARN_RANGE_LOOP_ANALYSIS = YES;
				CLANG_WARN_STRICT_PROTOTYPES = YES;
				CLANG_WARN_SUSPICIOUS_MOVE = YES;
				CLANG_WARN_UNGUARDED_AVAILABILITY = YES_AGGRESSIVE;
				CLANG_WARN_UNREACHABLE_CODE = YES;
				CLANG_WARN__DUPLICATE_METHOD_MATCH = YES;
				COPY_PHASE_STRIP = NO;
				DEBUG_INFORMATION_FORMAT = dwarf;
				ENABLE_STRICT_OBJC_MSGSEND = YES;
				ENABLE_TESTABILITY = YES;
				GCC_C_LANGUAGE_STANDARD = gnu11;
				GCC_DYNAMIC_NO_PIC = NO;
				GCC_NO_COMMON_BLOCKS = YES;
				GCC_OPTIMIZATION_LEVEL = 0;
				GCC_PREPROCESSOR_DEFINITIONS = (
					"DEBUG=1",
					"$(inherited)",
				);
				GCC_WARN_64_TO_32_BIT_CONVERSION = YES;
				GCC_WARN_ABOUT_RETURN_TYPE = YES_ERROR;
				GCC_WARN_UNDECLARED_SELECTOR = YES;
				GCC_WARN_UNINITIALIZED_AUTOS = YES_AGGRESSIVE;
				GCC_WARN_UNUSED_FUNCTION = YES;
				GCC_WARN_UNUSED_VARIABLE = YES;
				IPHONEOS_DEPLOYMENT_TARGET = 15.5;
				MTL_ENABLE_DEBUG_INFO = INCLUDE_SOURCE;
				MTL_FAST_MATH = YES;
				ONLY_ACTIVE_ARCH = YES;
				SDKROOT = iphoneos;
				SWIFT_ACTIVE_COMPILATION_CONDITIONS = DEBUG;
				SWIFT_OPTIMIZATION_LEVEL = "-Onone";
			};
			name = Debug;
		};
		79C19CC128D41BCA003F05F2 /* Release */ = {
			isa = XCBuildConfiguration;
			buildSettings = {
				ALWAYS_SEARCH_USER_PATHS = NO;
				CLANG_ANALYZER_NONNULL = YES;
				CLANG_ANALYZER_NUMBER_OBJECT_CONVERSION = YES_AGGRESSIVE;
				CLANG_CXX_LANGUAGE_STANDARD = "gnu++17";
				CLANG_ENABLE_MODULES = YES;
				CLANG_ENABLE_OBJC_ARC = YES;
				CLANG_ENABLE_OBJC_WEAK = YES;
				CLANG_WARN_BLOCK_CAPTURE_AUTORELEASING = YES;
				CLANG_WARN_BOOL_CONVERSION = YES;
				CLANG_WARN_COMMA = YES;
				CLANG_WARN_CONSTANT_CONVERSION = YES;
				CLANG_WARN_DEPRECATED_OBJC_IMPLEMENTATIONS = YES;
				CLANG_WARN_DIRECT_OBJC_ISA_USAGE = YES_ERROR;
				CLANG_WARN_DOCUMENTATION_COMMENTS = YES;
				CLANG_WARN_EMPTY_BODY = YES;
				CLANG_WARN_ENUM_CONVERSION = YES;
				CLANG_WARN_INFINITE_RECURSION = YES;
				CLANG_WARN_INT_CONVERSION = YES;
				CLANG_WARN_NON_LITERAL_NULL_CONVERSION = YES;
				CLANG_WARN_OBJC_IMPLICIT_RETAIN_SELF = YES;
				CLANG_WARN_OBJC_LITERAL_CONVERSION = YES;
				CLANG_WARN_OBJC_ROOT_CLASS = YES_ERROR;
				CLANG_WARN_QUOTED_INCLUDE_IN_FRAMEWORK_HEADER = YES;
				CLANG_WARN_RANGE_LOOP_ANALYSIS = YES;
				CLANG_WARN_STRICT_PROTOTYPES = YES;
				CLANG_WARN_SUSPICIOUS_MOVE = YES;
				CLANG_WARN_UNGUARDED_AVAILABILITY = YES_AGGRESSIVE;
				CLANG_WARN_UNREACHABLE_CODE = YES;
				CLANG_WARN__DUPLICATE_METHOD_MATCH = YES;
				COPY_PHASE_STRIP = NO;
				DEBUG_INFORMATION_FORMAT = "dwarf-with-dsym";
				ENABLE_NS_ASSERTIONS = NO;
				ENABLE_STRICT_OBJC_MSGSEND = YES;
				GCC_C_LANGUAGE_STANDARD = gnu11;
				GCC_NO_COMMON_BLOCKS = YES;
				GCC_WARN_64_TO_32_BIT_CONVERSION = YES;
				GCC_WARN_ABOUT_RETURN_TYPE = YES_ERROR;
				GCC_WARN_UNDECLARED_SELECTOR = YES;
				GCC_WARN_UNINITIALIZED_AUTOS = YES_AGGRESSIVE;
				GCC_WARN_UNUSED_FUNCTION = YES;
				GCC_WARN_UNUSED_VARIABLE = YES;
				IPHONEOS_DEPLOYMENT_TARGET = 15.5;
				MTL_ENABLE_DEBUG_INFO = NO;
				MTL_FAST_MATH = YES;
				SDKROOT = iphoneos;
				SWIFT_COMPILATION_MODE = wholemodule;
				SWIFT_OPTIMIZATION_LEVEL = "-O";
				VALIDATE_PRODUCT = YES;
			};
			name = Release;
		};
		79C19CC328D41BCA003F05F2 /* Debug */ = {
			isa = XCBuildConfiguration;
			buildSettings = {
				ALWAYS_EMBED_SWIFT_STANDARD_LIBRARIES = YES;
				ASSETCATALOG_COMPILER_APPICON_NAME = AppIcon;
				ASSETCATALOG_COMPILER_GLOBAL_ACCENT_COLOR_NAME = AccentColor;
				CODE_SIGN_ENTITLEMENTS = SpendCraft/SpendCraft.entitlements;
				CODE_SIGN_STYLE = Automatic;
				CURRENT_PROJECT_VERSION = 20;
				DEVELOPMENT_ASSET_PATHS = "\"SpendCraft/Preview Content\"";
				DEVELOPMENT_TEAM = N7MR48SV68;
				ENABLE_PREVIEWS = YES;
				GENERATE_INFOPLIST_FILE = YES;
				INFOPLIST_FILE = SpendCraft/Info.plist;
				INFOPLIST_KEY_NSFaceIDUsageDescription = "";
				INFOPLIST_KEY_UIApplicationSceneManifest_Generation = YES;
				INFOPLIST_KEY_UIApplicationSupportsIndirectInputEvents = YES;
				INFOPLIST_KEY_UILaunchScreen_Generation = YES;
				INFOPLIST_KEY_UISupportedInterfaceOrientations_iPad = "UIInterfaceOrientationPortrait UIInterfaceOrientationPortraitUpsideDown UIInterfaceOrientationLandscapeLeft UIInterfaceOrientationLandscapeRight";
				INFOPLIST_KEY_UISupportedInterfaceOrientations_iPhone = "UIInterfaceOrientationPortrait UIInterfaceOrientationLandscapeLeft UIInterfaceOrientationLandscapeRight";
				IPHONEOS_DEPLOYMENT_TARGET = 16.0;
				LD_RUNPATH_SEARCH_PATHS = (
					"$(inherited)",
					"@executable_path/Frameworks",
				);
				MARKETING_VERSION = 1.0.20;
				PRODUCT_BUNDLE_IDENTIFIER = app.spendcraft;
				PRODUCT_NAME = "$(TARGET_NAME)";
				SUPPORTED_PLATFORMS = "iphoneos iphonesimulator";
				SUPPORTS_MACCATALYST = NO;
				SUPPORTS_MAC_DESIGNED_FOR_IPHONE_IPAD = NO;
				SWIFT_EMIT_LOC_STRINGS = YES;
				SWIFT_VERSION = 5.0;
				TARGETED_DEVICE_FAMILY = "1,2";
			};
			name = Debug;
		};
		79C19CC428D41BCA003F05F2 /* Release */ = {
			isa = XCBuildConfiguration;
			buildSettings = {
				ALWAYS_EMBED_SWIFT_STANDARD_LIBRARIES = YES;
				ASSETCATALOG_COMPILER_APPICON_NAME = AppIcon;
				ASSETCATALOG_COMPILER_GLOBAL_ACCENT_COLOR_NAME = AccentColor;
				CODE_SIGN_ENTITLEMENTS = SpendCraft/SpendCraft.entitlements;
				CODE_SIGN_STYLE = Automatic;
				CURRENT_PROJECT_VERSION = 20;
				DEVELOPMENT_ASSET_PATHS = "\"SpendCraft/Preview Content\"";
				DEVELOPMENT_TEAM = N7MR48SV68;
				ENABLE_PREVIEWS = YES;
				GENERATE_INFOPLIST_FILE = YES;
				INFOPLIST_FILE = SpendCraft/Info.plist;
				INFOPLIST_KEY_NSFaceIDUsageDescription = "";
				INFOPLIST_KEY_UIApplicationSceneManifest_Generation = YES;
				INFOPLIST_KEY_UIApplicationSupportsIndirectInputEvents = YES;
				INFOPLIST_KEY_UILaunchScreen_Generation = YES;
				INFOPLIST_KEY_UISupportedInterfaceOrientations_iPad = "UIInterfaceOrientationPortrait UIInterfaceOrientationPortraitUpsideDown UIInterfaceOrientationLandscapeLeft UIInterfaceOrientationLandscapeRight";
				INFOPLIST_KEY_UISupportedInterfaceOrientations_iPhone = "UIInterfaceOrientationPortrait UIInterfaceOrientationLandscapeLeft UIInterfaceOrientationLandscapeRight";
				IPHONEOS_DEPLOYMENT_TARGET = 16.0;
				LD_RUNPATH_SEARCH_PATHS = (
					"$(inherited)",
					"@executable_path/Frameworks",
				);
				MARKETING_VERSION = 1.0.20;
				PRODUCT_BUNDLE_IDENTIFIER = app.spendcraft;
				PRODUCT_NAME = "$(TARGET_NAME)";
				SUPPORTED_PLATFORMS = "iphoneos iphonesimulator";
				SUPPORTS_MACCATALYST = NO;
				SUPPORTS_MAC_DESIGNED_FOR_IPHONE_IPAD = NO;
				SWIFT_EMIT_LOC_STRINGS = YES;
				SWIFT_VERSION = 5.0;
				TARGETED_DEVICE_FAMILY = "1,2";
			};
			name = Release;
		};
		79C19CC628D41BCA003F05F2 /* Debug */ = {
			isa = XCBuildConfiguration;
			buildSettings = {
				ALWAYS_EMBED_SWIFT_STANDARD_LIBRARIES = YES;
				BUNDLE_LOADER = "$(TEST_HOST)";
				CODE_SIGN_STYLE = Automatic;
				CURRENT_PROJECT_VERSION = 1;
				DEVELOPMENT_TEAM = N7MR48SV68;
				GENERATE_INFOPLIST_FILE = YES;
				IPHONEOS_DEPLOYMENT_TARGET = 15.5;
				MARKETING_VERSION = 1.0;
				PRODUCT_BUNDLE_IDENTIFIER = SaunterQuest.SpendCraftTests;
				PRODUCT_NAME = "$(TARGET_NAME)";
				SWIFT_EMIT_LOC_STRINGS = NO;
				SWIFT_VERSION = 5.0;
				TARGETED_DEVICE_FAMILY = "1,2";
				TEST_HOST = "$(BUILT_PRODUCTS_DIR)/SpendCraft.app/SpendCraft";
			};
			name = Debug;
		};
		79C19CC728D41BCA003F05F2 /* Release */ = {
			isa = XCBuildConfiguration;
			buildSettings = {
				ALWAYS_EMBED_SWIFT_STANDARD_LIBRARIES = YES;
				BUNDLE_LOADER = "$(TEST_HOST)";
				CODE_SIGN_STYLE = Automatic;
				CURRENT_PROJECT_VERSION = 1;
				DEVELOPMENT_TEAM = N7MR48SV68;
				GENERATE_INFOPLIST_FILE = YES;
				IPHONEOS_DEPLOYMENT_TARGET = 15.5;
				MARKETING_VERSION = 1.0;
				PRODUCT_BUNDLE_IDENTIFIER = SaunterQuest.SpendCraftTests;
				PRODUCT_NAME = "$(TARGET_NAME)";
				SWIFT_EMIT_LOC_STRINGS = NO;
				SWIFT_VERSION = 5.0;
				TARGETED_DEVICE_FAMILY = "1,2";
				TEST_HOST = "$(BUILT_PRODUCTS_DIR)/SpendCraft.app/SpendCraft";
			};
			name = Release;
		};
		79C19CC928D41BCA003F05F2 /* Debug */ = {
			isa = XCBuildConfiguration;
			buildSettings = {
				ALWAYS_EMBED_SWIFT_STANDARD_LIBRARIES = YES;
				CODE_SIGN_STYLE = Automatic;
				CURRENT_PROJECT_VERSION = 1;
				DEVELOPMENT_TEAM = N7MR48SV68;
				GENERATE_INFOPLIST_FILE = YES;
				MARKETING_VERSION = 1.0;
				PRODUCT_BUNDLE_IDENTIFIER = SaunterQuest.SpendCraftUITests;
				PRODUCT_NAME = "$(TARGET_NAME)";
				SWIFT_EMIT_LOC_STRINGS = NO;
				SWIFT_VERSION = 5.0;
				TARGETED_DEVICE_FAMILY = "1,2";
				TEST_TARGET_NAME = SpendCraft;
			};
			name = Debug;
		};
		79C19CCA28D41BCA003F05F2 /* Release */ = {
			isa = XCBuildConfiguration;
			buildSettings = {
				ALWAYS_EMBED_SWIFT_STANDARD_LIBRARIES = YES;
				CODE_SIGN_STYLE = Automatic;
				CURRENT_PROJECT_VERSION = 1;
				DEVELOPMENT_TEAM = N7MR48SV68;
				GENERATE_INFOPLIST_FILE = YES;
				MARKETING_VERSION = 1.0;
				PRODUCT_BUNDLE_IDENTIFIER = SaunterQuest.SpendCraftUITests;
				PRODUCT_NAME = "$(TARGET_NAME)";
				SWIFT_EMIT_LOC_STRINGS = NO;
				SWIFT_VERSION = 5.0;
				TARGETED_DEVICE_FAMILY = "1,2";
				TEST_TARGET_NAME = SpendCraft;
			};
			name = Release;
		};
/* End XCBuildConfiguration section */

/* Begin XCConfigurationList section */
		79A17C1128F1A3BF006FD368 /* Build configuration list for PBXNativeTarget "widgetExtension" */ = {
			isa = XCConfigurationList;
			buildConfigurations = (
				79A17C1228F1A3BF006FD368 /* Debug */,
				79A17C1328F1A3BF006FD368 /* Release */,
			);
			defaultConfigurationIsVisible = 0;
			defaultConfigurationName = Release;
		};
		79A17C3128F1BC78006FD368 /* Build configuration list for PBXNativeTarget "Framework" */ = {
			isa = XCConfigurationList;
			buildConfigurations = (
				79A17C3228F1BC78006FD368 /* Debug */,
				79A17C3328F1BC78006FD368 /* Release */,
			);
			defaultConfigurationIsVisible = 0;
			defaultConfigurationName = Release;
		};
		79A17C3528F1BC78006FD368 /* Build configuration list for PBXNativeTarget "FrameworkTests" */ = {
			isa = XCConfigurationList;
			buildConfigurations = (
				79A17C3628F1BC78006FD368 /* Debug */,
				79A17C3728F1BC78006FD368 /* Release */,
			);
			defaultConfigurationIsVisible = 0;
			defaultConfigurationName = Release;
		};
		79C19C9928D41BC8003F05F2 /* Build configuration list for PBXProject "SpendCraft" */ = {
			isa = XCConfigurationList;
			buildConfigurations = (
				79C19CC028D41BCA003F05F2 /* Debug */,
				79C19CC128D41BCA003F05F2 /* Release */,
			);
			defaultConfigurationIsVisible = 0;
			defaultConfigurationName = Release;
		};
		79C19CC228D41BCA003F05F2 /* Build configuration list for PBXNativeTarget "SpendCraft" */ = {
			isa = XCConfigurationList;
			buildConfigurations = (
				79C19CC328D41BCA003F05F2 /* Debug */,
				79C19CC428D41BCA003F05F2 /* Release */,
			);
			defaultConfigurationIsVisible = 0;
			defaultConfigurationName = Release;
		};
		79C19CC528D41BCA003F05F2 /* Build configuration list for PBXNativeTarget "SpendCraftTests" */ = {
			isa = XCConfigurationList;
			buildConfigurations = (
				79C19CC628D41BCA003F05F2 /* Debug */,
				79C19CC728D41BCA003F05F2 /* Release */,
			);
			defaultConfigurationIsVisible = 0;
			defaultConfigurationName = Release;
		};
		79C19CC828D41BCA003F05F2 /* Build configuration list for PBXNativeTarget "SpendCraftUITests" */ = {
			isa = XCConfigurationList;
			buildConfigurations = (
				79C19CC928D41BCA003F05F2 /* Debug */,
				79C19CCA28D41BCA003F05F2 /* Release */,
			);
			defaultConfigurationIsVisible = 0;
			defaultConfigurationName = Release;
		};
/* End XCConfigurationList section */
	};
	rootObject = 79C19C9628D41BC8003F05F2 /* Project object */;
}
