// !$*UTF8*$!
{
	archiveVersion = 1;
	classes = {
	};
	objectVersion = 55;
	objects = {

/* Begin PBXBuildFile section */
		7923782628D7656B0069DB01 /* Session.swift in Sources */ = {isa = PBXBuildFile; fileRef = 7923782528D7656B0069DB01 /* Session.swift */; };
		7923782828D7678C0069DB01 /* Error.swift in Sources */ = {isa = PBXBuildFile; fileRef = 7923782728D7678C0069DB01 /* Error.swift */; };
		7923782A28D76BD60069DB01 /* Authenticator.swift in Sources */ = {isa = PBXBuildFile; fileRef = 7923782928D76BD60069DB01 /* Authenticator.swift */; };
		7923782C28D77C0A0069DB01 /* TransactionStore.swift in Sources */ = {isa = PBXBuildFile; fileRef = 7923782B28D77C0A0069DB01 /* TransactionStore.swift */; };
		7923782E28D78D3E0069DB01 /* TransactionsResponse.swift in Sources */ = {isa = PBXBuildFile; fileRef = 7923782D28D78D3E0069DB01 /* TransactionsResponse.swift */; };
		7923783228D7F61E0069DB01 /* TransactionEdit.swift in Sources */ = {isa = PBXBuildFile; fileRef = 7923783128D7F61E0069DB01 /* TransactionEdit.swift */; };
		7946966D28D81FC8005B6408 /* CategoriesView.swift in Sources */ = {isa = PBXBuildFile; fileRef = 7946966C28D81FC8005B6408 /* CategoriesView.swift */; };
		7946966F28D81FF0005B6408 /* PlansView.swift in Sources */ = {isa = PBXBuildFile; fileRef = 7946966E28D81FF0005B6408 /* PlansView.swift */; };
		7946967128D82006005B6408 /* AccountsView.swift in Sources */ = {isa = PBXBuildFile; fileRef = 7946967028D82006005B6408 /* AccountsView.swift */; };
		7946967328D82018005B6408 /* ReportsView.swift in Sources */ = {isa = PBXBuildFile; fileRef = 7946967228D82018005B6408 /* ReportsView.swift */; };
		7946967528D8203A005B6408 /* MainView.swift in Sources */ = {isa = PBXBuildFile; fileRef = 7946967428D8203A005B6408 /* MainView.swift */; };
		7946967728D8B99B005B6408 /* CategoriesStore.swift in Sources */ = {isa = PBXBuildFile; fileRef = 7946967628D8B99B005B6408 /* CategoriesStore.swift */; };
		7946967928D8B9C0005B6408 /* Categories.swift in Sources */ = {isa = PBXBuildFile; fileRef = 7946967828D8B9C0005B6408 /* Categories.swift */; };
		7946967B28D8BB11005B6408 /* CategoriesResponse.swift in Sources */ = {isa = PBXBuildFile; fileRef = 7946967A28D8BB11005B6408 /* CategoriesResponse.swift */; };
		7946967D28DA1AD1005B6408 /* GroupView.swift in Sources */ = {isa = PBXBuildFile; fileRef = 7946967C28DA1AD1005B6408 /* GroupView.swift */; };
		7946967F28DA1F0E005B6408 /* CategoryView.swift in Sources */ = {isa = PBXBuildFile; fileRef = 7946967E28DA1F0E005B6408 /* CategoryView.swift */; };
		7946968128DA207D005B6408 /* AmountView.swift in Sources */ = {isa = PBXBuildFile; fileRef = 7946968028DA207D005B6408 /* AmountView.swift */; };
		7946968A28DAC578005B6408 /* NumericField.swift in Sources */ = {isa = PBXBuildFile; fileRef = 7946968928DAC578005B6408 /* NumericField.swift */; };
		7946968C28DB50CE005B6408 /* TransactionView.swift in Sources */ = {isa = PBXBuildFile; fileRef = 7946968B28DB50CE005B6408 /* TransactionView.swift */; };
		7946968E28DCADFE005B6408 /* CategoryPicker.swift in Sources */ = {isa = PBXBuildFile; fileRef = 7946968D28DCADFE005B6408 /* CategoryPicker.swift */; };
		7946969328DCBD6F005B6408 /* CategoryList.swift in Sources */ = {isa = PBXBuildFile; fileRef = 7946969228DCBD6F005B6408 /* CategoryList.swift */; };
		7946969528DE1173005B6408 /* SampleData.swift in Sources */ = {isa = PBXBuildFile; fileRef = 7946969428DE1173005B6408 /* SampleData.swift */; };
		795382E028E7141100133EFA /* SettingsView.swift in Sources */ = {isa = PBXBuildFile; fileRef = 795382DF28E7141100133EFA /* SettingsView.swift */; };
		795382E228E7178600133EFA /* AccountRegisterView.swift in Sources */ = {isa = PBXBuildFile; fileRef = 795382E128E7178600133EFA /* AccountRegisterView.swift */; };
		795382E628E71F3500133EFA /* AccountTransactionView.swift in Sources */ = {isa = PBXBuildFile; fileRef = 795382E528E71F3500133EFA /* AccountTransactionView.swift */; };
		795382E828E864B800133EFA /* InactiveView.swift in Sources */ = {isa = PBXBuildFile; fileRef = 795382E728E864B800133EFA /* InactiveView.swift */; };
		79ADF87528E5D71800227F44 /* AccountsStore.swift in Sources */ = {isa = PBXBuildFile; fileRef = 79ADF87428E5D71800227F44 /* AccountsStore.swift */; };
		79ADF87728E5D86600227F44 /* AccountsResponse.swift in Sources */ = {isa = PBXBuildFile; fileRef = 79ADF87628E5D86600227F44 /* AccountsResponse.swift */; };
		79ADF87928E5E0C100227F44 /* InstitutionView.swift in Sources */ = {isa = PBXBuildFile; fileRef = 79ADF87828E5E0C100227F44 /* InstitutionView.swift */; };
		79C19CA228D41BC8003F05F2 /* SpendCraftApp.swift in Sources */ = {isa = PBXBuildFile; fileRef = 79C19CA128D41BC8003F05F2 /* SpendCraftApp.swift */; };
		79C19CA628D41BCA003F05F2 /* Assets.xcassets in Resources */ = {isa = PBXBuildFile; fileRef = 79C19CA528D41BCA003F05F2 /* Assets.xcassets */; };
		79C19CA928D41BCA003F05F2 /* Preview Assets.xcassets in Resources */ = {isa = PBXBuildFile; fileRef = 79C19CA828D41BCA003F05F2 /* Preview Assets.xcassets */; };
		79C19CB328D41BCA003F05F2 /* SpendCraftTests.swift in Sources */ = {isa = PBXBuildFile; fileRef = 79C19CB228D41BCA003F05F2 /* SpendCraftTests.swift */; };
		79C19CBD28D41BCA003F05F2 /* SpendCraftUITests.swift in Sources */ = {isa = PBXBuildFile; fileRef = 79C19CBC28D41BCA003F05F2 /* SpendCraftUITests.swift */; };
		79C19CBF28D41BCA003F05F2 /* SpendCraftUITestsLaunchTests.swift in Sources */ = {isa = PBXBuildFile; fileRef = 79C19CBE28D41BCA003F05F2 /* SpendCraftUITestsLaunchTests.swift */; };
		79C19CCC28D4A85F003F05F2 /* LoginView.swift in Sources */ = {isa = PBXBuildFile; fileRef = 79C19CCB28D4A85E003F05F2 /* LoginView.swift */; };
		79C19CCE28D4D80E003F05F2 /* RegisterView.swift in Sources */ = {isa = PBXBuildFile; fileRef = 79C19CCD28D4D80D003F05F2 /* RegisterView.swift */; };
		79C19CD328D517E7003F05F2 /* Transaction.swift in Sources */ = {isa = PBXBuildFile; fileRef = 79C19CD228D517E7003F05F2 /* Transaction.swift */; };
/* End PBXBuildFile section */

/* Begin PBXContainerItemProxy section */
		79C19CAF28D41BCA003F05F2 /* PBXContainerItemProxy */ = {
			isa = PBXContainerItemProxy;
			containerPortal = 79C19C9628D41BC8003F05F2 /* Project object */;
			proxyType = 1;
			remoteGlobalIDString = 79C19C9D28D41BC8003F05F2;
			remoteInfo = SpendCraft;
		};
		79C19CB928D41BCA003F05F2 /* PBXContainerItemProxy */ = {
			isa = PBXContainerItemProxy;
			containerPortal = 79C19C9628D41BC8003F05F2 /* Project object */;
			proxyType = 1;
			remoteGlobalIDString = 79C19C9D28D41BC8003F05F2;
			remoteInfo = SpendCraft;
		};
/* End PBXContainerItemProxy section */

/* Begin PBXFileReference section */
		7923782528D7656B0069DB01 /* Session.swift */ = {isa = PBXFileReference; lastKnownFileType = sourcecode.swift; path = Session.swift; sourceTree = "<group>"; };
		7923782728D7678C0069DB01 /* Error.swift */ = {isa = PBXFileReference; lastKnownFileType = sourcecode.swift; path = Error.swift; sourceTree = "<group>"; };
		7923782928D76BD60069DB01 /* Authenticator.swift */ = {isa = PBXFileReference; lastKnownFileType = sourcecode.swift; path = Authenticator.swift; sourceTree = "<group>"; };
		7923782B28D77C0A0069DB01 /* TransactionStore.swift */ = {isa = PBXFileReference; lastKnownFileType = sourcecode.swift; path = TransactionStore.swift; sourceTree = "<group>"; };
		7923782D28D78D3E0069DB01 /* TransactionsResponse.swift */ = {isa = PBXFileReference; lastKnownFileType = sourcecode.swift; path = TransactionsResponse.swift; sourceTree = "<group>"; };
		7923783128D7F61E0069DB01 /* TransactionEdit.swift */ = {isa = PBXFileReference; lastKnownFileType = sourcecode.swift; path = TransactionEdit.swift; sourceTree = "<group>"; };
		7946966C28D81FC8005B6408 /* CategoriesView.swift */ = {isa = PBXFileReference; lastKnownFileType = sourcecode.swift; path = CategoriesView.swift; sourceTree = "<group>"; };
		7946966E28D81FF0005B6408 /* PlansView.swift */ = {isa = PBXFileReference; lastKnownFileType = sourcecode.swift; path = PlansView.swift; sourceTree = "<group>"; };
		7946967028D82006005B6408 /* AccountsView.swift */ = {isa = PBXFileReference; lastKnownFileType = sourcecode.swift; path = AccountsView.swift; sourceTree = "<group>"; };
		7946967228D82018005B6408 /* ReportsView.swift */ = {isa = PBXFileReference; lastKnownFileType = sourcecode.swift; path = ReportsView.swift; sourceTree = "<group>"; };
		7946967428D8203A005B6408 /* MainView.swift */ = {isa = PBXFileReference; lastKnownFileType = sourcecode.swift; path = MainView.swift; sourceTree = "<group>"; };
		7946967628D8B99B005B6408 /* CategoriesStore.swift */ = {isa = PBXFileReference; lastKnownFileType = sourcecode.swift; path = CategoriesStore.swift; sourceTree = "<group>"; };
		7946967828D8B9C0005B6408 /* Categories.swift */ = {isa = PBXFileReference; lastKnownFileType = sourcecode.swift; path = Categories.swift; sourceTree = "<group>"; };
		7946967A28D8BB11005B6408 /* CategoriesResponse.swift */ = {isa = PBXFileReference; lastKnownFileType = sourcecode.swift; path = CategoriesResponse.swift; sourceTree = "<group>"; };
		7946967C28DA1AD1005B6408 /* GroupView.swift */ = {isa = PBXFileReference; lastKnownFileType = sourcecode.swift; path = GroupView.swift; sourceTree = "<group>"; };
		7946967E28DA1F0E005B6408 /* CategoryView.swift */ = {isa = PBXFileReference; lastKnownFileType = sourcecode.swift; path = CategoryView.swift; sourceTree = "<group>"; };
		7946968028DA207D005B6408 /* AmountView.swift */ = {isa = PBXFileReference; lastKnownFileType = sourcecode.swift; path = AmountView.swift; sourceTree = "<group>"; };
		7946968928DAC578005B6408 /* NumericField.swift */ = {isa = PBXFileReference; lastKnownFileType = sourcecode.swift; path = NumericField.swift; sourceTree = "<group>"; };
		7946968B28DB50CE005B6408 /* TransactionView.swift */ = {isa = PBXFileReference; lastKnownFileType = sourcecode.swift; path = TransactionView.swift; sourceTree = "<group>"; };
		7946968D28DCADFE005B6408 /* CategoryPicker.swift */ = {isa = PBXFileReference; lastKnownFileType = sourcecode.swift; path = CategoryPicker.swift; sourceTree = "<group>"; };
		7946969228DCBD6F005B6408 /* CategoryList.swift */ = {isa = PBXFileReference; lastKnownFileType = sourcecode.swift; path = CategoryList.swift; sourceTree = "<group>"; };
		7946969428DE1173005B6408 /* SampleData.swift */ = {isa = PBXFileReference; lastKnownFileType = sourcecode.swift; path = SampleData.swift; sourceTree = "<group>"; };
		795382DE28E663CB00133EFA /* SpendCraft.entitlements */ = {isa = PBXFileReference; lastKnownFileType = text.plist.entitlements; path = SpendCraft.entitlements; sourceTree = "<group>"; };
		795382DF28E7141100133EFA /* SettingsView.swift */ = {isa = PBXFileReference; lastKnownFileType = sourcecode.swift; path = SettingsView.swift; sourceTree = "<group>"; };
		795382E128E7178600133EFA /* AccountRegisterView.swift */ = {isa = PBXFileReference; lastKnownFileType = sourcecode.swift; path = AccountRegisterView.swift; sourceTree = "<group>"; };
		795382E528E71F3500133EFA /* AccountTransactionView.swift */ = {isa = PBXFileReference; lastKnownFileType = sourcecode.swift; path = AccountTransactionView.swift; sourceTree = "<group>"; };
		795382E728E864B800133EFA /* InactiveView.swift */ = {isa = PBXFileReference; lastKnownFileType = sourcecode.swift; path = InactiveView.swift; sourceTree = "<group>"; };
		795382E928E8AAA700133EFA /* Info.plist */ = {isa = PBXFileReference; lastKnownFileType = text.plist; path = Info.plist; sourceTree = "<group>"; };
		79ADF87428E5D71800227F44 /* AccountsStore.swift */ = {isa = PBXFileReference; lastKnownFileType = sourcecode.swift; path = AccountsStore.swift; sourceTree = "<group>"; };
		79ADF87628E5D86600227F44 /* AccountsResponse.swift */ = {isa = PBXFileReference; lastKnownFileType = sourcecode.swift; path = AccountsResponse.swift; sourceTree = "<group>"; };
		79ADF87828E5E0C100227F44 /* InstitutionView.swift */ = {isa = PBXFileReference; lastKnownFileType = sourcecode.swift; path = InstitutionView.swift; sourceTree = "<group>"; };
		79C19C9E28D41BC8003F05F2 /* SpendCraft.app */ = {isa = PBXFileReference; explicitFileType = wrapper.application; includeInIndex = 0; path = SpendCraft.app; sourceTree = BUILT_PRODUCTS_DIR; };
		79C19CA128D41BC8003F05F2 /* SpendCraftApp.swift */ = {isa = PBXFileReference; lastKnownFileType = sourcecode.swift; path = SpendCraftApp.swift; sourceTree = "<group>"; };
		79C19CA528D41BCA003F05F2 /* Assets.xcassets */ = {isa = PBXFileReference; lastKnownFileType = folder.assetcatalog; path = Assets.xcassets; sourceTree = "<group>"; };
		79C19CA828D41BCA003F05F2 /* Preview Assets.xcassets */ = {isa = PBXFileReference; lastKnownFileType = folder.assetcatalog; path = "Preview Assets.xcassets"; sourceTree = "<group>"; };
		79C19CAE28D41BCA003F05F2 /* SpendCraftTests.xctest */ = {isa = PBXFileReference; explicitFileType = wrapper.cfbundle; includeInIndex = 0; path = SpendCraftTests.xctest; sourceTree = BUILT_PRODUCTS_DIR; };
		79C19CB228D41BCA003F05F2 /* SpendCraftTests.swift */ = {isa = PBXFileReference; lastKnownFileType = sourcecode.swift; path = SpendCraftTests.swift; sourceTree = "<group>"; };
		79C19CB828D41BCA003F05F2 /* SpendCraftUITests.xctest */ = {isa = PBXFileReference; explicitFileType = wrapper.cfbundle; includeInIndex = 0; path = SpendCraftUITests.xctest; sourceTree = BUILT_PRODUCTS_DIR; };
		79C19CBC28D41BCA003F05F2 /* SpendCraftUITests.swift */ = {isa = PBXFileReference; lastKnownFileType = sourcecode.swift; path = SpendCraftUITests.swift; sourceTree = "<group>"; };
		79C19CBE28D41BCA003F05F2 /* SpendCraftUITestsLaunchTests.swift */ = {isa = PBXFileReference; lastKnownFileType = sourcecode.swift; path = SpendCraftUITestsLaunchTests.swift; sourceTree = "<group>"; };
		79C19CCB28D4A85E003F05F2 /* LoginView.swift */ = {isa = PBXFileReference; lastKnownFileType = sourcecode.swift; path = LoginView.swift; sourceTree = "<group>"; };
		79C19CCD28D4D80D003F05F2 /* RegisterView.swift */ = {isa = PBXFileReference; lastKnownFileType = sourcecode.swift; path = RegisterView.swift; sourceTree = "<group>"; };
		79C19CD228D517E7003F05F2 /* Transaction.swift */ = {isa = PBXFileReference; lastKnownFileType = sourcecode.swift; path = Transaction.swift; sourceTree = "<group>"; };
/* End PBXFileReference section */

/* Begin PBXFrameworksBuildPhase section */
		79C19C9B28D41BC8003F05F2 /* Frameworks */ = {
			isa = PBXFrameworksBuildPhase;
			buildActionMask = 2147483647;
			files = (
			);
			runOnlyForDeploymentPostprocessing = 0;
		};
		79C19CAB28D41BCA003F05F2 /* Frameworks */ = {
			isa = PBXFrameworksBuildPhase;
			buildActionMask = 2147483647;
			files = (
			);
			runOnlyForDeploymentPostprocessing = 0;
		};
		79C19CB528D41BCA003F05F2 /* Frameworks */ = {
			isa = PBXFrameworksBuildPhase;
			buildActionMask = 2147483647;
			files = (
			);
			runOnlyForDeploymentPostprocessing = 0;
		};
/* End PBXFrameworksBuildPhase section */

/* Begin PBXGroup section */
		7946968228DA2732005B6408 /* Categories */ = {
			isa = PBXGroup;
			children = (
				79C19CCD28D4D80D003F05F2 /* RegisterView.swift */,
				7946968B28DB50CE005B6408 /* TransactionView.swift */,
				7946966C28D81FC8005B6408 /* CategoriesView.swift */,
				7946967E28DA1F0E005B6408 /* CategoryView.swift */,
				7946967C28DA1AD1005B6408 /* GroupView.swift */,
				7923783128D7F61E0069DB01 /* TransactionEdit.swift */,
			);
			path = Categories;
			sourceTree = "<group>";
		};
		7946968F28DCAE64005B6408 /* CategoryPicker */ = {
			isa = PBXGroup;
			children = (
				7946968D28DCADFE005B6408 /* CategoryPicker.swift */,
				7946969228DCBD6F005B6408 /* CategoryList.swift */,
			);
			path = CategoryPicker;
			sourceTree = "<group>";
		};
		79ADF87328E5D49B00227F44 /* Accounts */ = {
			isa = PBXGroup;
			children = (
				7946967028D82006005B6408 /* AccountsView.swift */,
				79ADF87828E5E0C100227F44 /* InstitutionView.swift */,
				795382E128E7178600133EFA /* AccountRegisterView.swift */,
				795382E528E71F3500133EFA /* AccountTransactionView.swift */,
			);
			path = Accounts;
			sourceTree = "<group>";
		};
		79C19C9528D41BC8003F05F2 = {
			isa = PBXGroup;
			children = (
				79C19CA028D41BC8003F05F2 /* SpendCraft */,
				79C19CB128D41BCA003F05F2 /* SpendCraftTests */,
				79C19CBB28D41BCA003F05F2 /* SpendCraftUITests */,
				79C19C9F28D41BC8003F05F2 /* Products */,
			);
			sourceTree = "<group>";
		};
		79C19C9F28D41BC8003F05F2 /* Products */ = {
			isa = PBXGroup;
			children = (
				79C19C9E28D41BC8003F05F2 /* SpendCraft.app */,
				79C19CAE28D41BCA003F05F2 /* SpendCraftTests.xctest */,
				79C19CB828D41BCA003F05F2 /* SpendCraftUITests.xctest */,
			);
			name = Products;
			sourceTree = "<group>";
		};
		79C19CA028D41BC8003F05F2 /* SpendCraft */ = {
			isa = PBXGroup;
			children = (
				795382E928E8AAA700133EFA /* Info.plist */,
				795382DE28E663CB00133EFA /* SpendCraft.entitlements */,
				79C19CA128D41BC8003F05F2 /* SpendCraftApp.swift */,
				795382E728E864B800133EFA /* InactiveView.swift */,
				79C19CCB28D4A85E003F05F2 /* LoginView.swift */,
				79ADF87328E5D49B00227F44 /* Accounts */,
				7946968228DA2732005B6408 /* Categories */,
				7946968028DA207D005B6408 /* AmountView.swift */,
				7946966E28D81FF0005B6408 /* PlansView.swift */,
				7946967228D82018005B6408 /* ReportsView.swift */,
				7946967428D8203A005B6408 /* MainView.swift */,
				795382DF28E7141100133EFA /* SettingsView.swift */,
				7946968928DAC578005B6408 /* NumericField.swift */,
				7946968F28DCAE64005B6408 /* CategoryPicker */,
				79C19CD128D517D1003F05F2 /* Models */,
				79C19CA528D41BCA003F05F2 /* Assets.xcassets */,
				79C19CA728D41BCA003F05F2 /* Preview Content */,
			);
			path = SpendCraft;
			sourceTree = "<group>";
		};
		79C19CA728D41BCA003F05F2 /* Preview Content */ = {
			isa = PBXGroup;
			children = (
				79C19CA828D41BCA003F05F2 /* Preview Assets.xcassets */,
			);
			path = "Preview Content";
			sourceTree = "<group>";
		};
		79C19CB128D41BCA003F05F2 /* SpendCraftTests */ = {
			isa = PBXGroup;
			children = (
				79C19CB228D41BCA003F05F2 /* SpendCraftTests.swift */,
			);
			path = SpendCraftTests;
			sourceTree = "<group>";
		};
		79C19CBB28D41BCA003F05F2 /* SpendCraftUITests */ = {
			isa = PBXGroup;
			children = (
				79C19CBC28D41BCA003F05F2 /* SpendCraftUITests.swift */,
				79C19CBE28D41BCA003F05F2 /* SpendCraftUITestsLaunchTests.swift */,
			);
			path = SpendCraftUITests;
			sourceTree = "<group>";
		};
		79C19CD128D517D1003F05F2 /* Models */ = {
			isa = PBXGroup;
			children = (
				79C19CD228D517E7003F05F2 /* Transaction.swift */,
				7946969428DE1173005B6408 /* SampleData.swift */,
				79ADF87428E5D71800227F44 /* AccountsStore.swift */,
				79ADF87628E5D86600227F44 /* AccountsResponse.swift */,
				7946967628D8B99B005B6408 /* CategoriesStore.swift */,
				7946967A28D8BB11005B6408 /* CategoriesResponse.swift */,
				7946967828D8B9C0005B6408 /* Categories.swift */,
				7923782D28D78D3E0069DB01 /* TransactionsResponse.swift */,
				7923782B28D77C0A0069DB01 /* TransactionStore.swift */,
				7923782928D76BD60069DB01 /* Authenticator.swift */,
				7923782728D7678C0069DB01 /* Error.swift */,
				7923782528D7656B0069DB01 /* Session.swift */,
			);
			path = Models;
			sourceTree = "<group>";
		};
/* End PBXGroup section */

/* Begin PBXNativeTarget section */
		79C19C9D28D41BC8003F05F2 /* SpendCraft */ = {
			isa = PBXNativeTarget;
			buildConfigurationList = 79C19CC228D41BCA003F05F2 /* Build configuration list for PBXNativeTarget "SpendCraft" */;
			buildPhases = (
				79C19C9A28D41BC8003F05F2 /* Sources */,
				79C19C9B28D41BC8003F05F2 /* Frameworks */,
				79C19C9C28D41BC8003F05F2 /* Resources */,
			);
			buildRules = (
			);
			dependencies = (
			);
			name = SpendCraft;
			productName = SpendCraft;
			productReference = 79C19C9E28D41BC8003F05F2 /* SpendCraft.app */;
			productType = "com.apple.product-type.application";
		};
		79C19CAD28D41BCA003F05F2 /* SpendCraftTests */ = {
			isa = PBXNativeTarget;
			buildConfigurationList = 79C19CC528D41BCA003F05F2 /* Build configuration list for PBXNativeTarget "SpendCraftTests" */;
			buildPhases = (
				79C19CAA28D41BCA003F05F2 /* Sources */,
				79C19CAB28D41BCA003F05F2 /* Frameworks */,
				79C19CAC28D41BCA003F05F2 /* Resources */,
			);
			buildRules = (
			);
			dependencies = (
				79C19CB028D41BCA003F05F2 /* PBXTargetDependency */,
			);
			name = SpendCraftTests;
			productName = SpendCraftTests;
			productReference = 79C19CAE28D41BCA003F05F2 /* SpendCraftTests.xctest */;
			productType = "com.apple.product-type.bundle.unit-test";
		};
		79C19CB728D41BCA003F05F2 /* SpendCraftUITests */ = {
			isa = PBXNativeTarget;
			buildConfigurationList = 79C19CC828D41BCA003F05F2 /* Build configuration list for PBXNativeTarget "SpendCraftUITests" */;
			buildPhases = (
				79C19CB428D41BCA003F05F2 /* Sources */,
				79C19CB528D41BCA003F05F2 /* Frameworks */,
				79C19CB628D41BCA003F05F2 /* Resources */,
			);
			buildRules = (
			);
			dependencies = (
				79C19CBA28D41BCA003F05F2 /* PBXTargetDependency */,
			);
			name = SpendCraftUITests;
			productName = SpendCraftUITests;
			productReference = 79C19CB828D41BCA003F05F2 /* SpendCraftUITests.xctest */;
			productType = "com.apple.product-type.bundle.ui-testing";
		};
/* End PBXNativeTarget section */

/* Begin PBXProject section */
		79C19C9628D41BC8003F05F2 /* Project object */ = {
			isa = PBXProject;
			attributes = {
				BuildIndependentTargetsInParallel = 1;
				LastSwiftUpdateCheck = 1340;
				LastUpgradeCheck = 1340;
				TargetAttributes = {
					79C19C9D28D41BC8003F05F2 = {
						CreatedOnToolsVersion = 13.4.1;
					};
					79C19CAD28D41BCA003F05F2 = {
						CreatedOnToolsVersion = 13.4.1;
						TestTargetID = 79C19C9D28D41BC8003F05F2;
					};
					79C19CB728D41BCA003F05F2 = {
						CreatedOnToolsVersion = 13.4.1;
						TestTargetID = 79C19C9D28D41BC8003F05F2;
					};
				};
			};
			buildConfigurationList = 79C19C9928D41BC8003F05F2 /* Build configuration list for PBXProject "SpendCraft" */;
			compatibilityVersion = "Xcode 13.0";
			developmentRegion = en;
			hasScannedForEncodings = 0;
			knownRegions = (
				en,
				Base,
			);
			mainGroup = 79C19C9528D41BC8003F05F2;
			productRefGroup = 79C19C9F28D41BC8003F05F2 /* Products */;
			projectDirPath = "";
			projectRoot = "";
			targets = (
				79C19C9D28D41BC8003F05F2 /* SpendCraft */,
				79C19CAD28D41BCA003F05F2 /* SpendCraftTests */,
				79C19CB728D41BCA003F05F2 /* SpendCraftUITests */,
			);
		};
/* End PBXProject section */

/* Begin PBXResourcesBuildPhase section */
		79C19C9C28D41BC8003F05F2 /* Resources */ = {
			isa = PBXResourcesBuildPhase;
			buildActionMask = 2147483647;
			files = (
				79C19CA928D41BCA003F05F2 /* Preview Assets.xcassets in Resources */,
				79C19CA628D41BCA003F05F2 /* Assets.xcassets in Resources */,
			);
			runOnlyForDeploymentPostprocessing = 0;
		};
		79C19CAC28D41BCA003F05F2 /* Resources */ = {
			isa = PBXResourcesBuildPhase;
			buildActionMask = 2147483647;
			files = (
			);
			runOnlyForDeploymentPostprocessing = 0;
		};
		79C19CB628D41BCA003F05F2 /* Resources */ = {
			isa = PBXResourcesBuildPhase;
			buildActionMask = 2147483647;
			files = (
			);
			runOnlyForDeploymentPostprocessing = 0;
		};
/* End PBXResourcesBuildPhase section */

/* Begin PBXSourcesBuildPhase section */
		79C19C9A28D41BC8003F05F2 /* Sources */ = {
			isa = PBXSourcesBuildPhase;
			buildActionMask = 2147483647;
			files = (
				79C19CCC28D4A85F003F05F2 /* LoginView.swift in Sources */,
				7946967328D82018005B6408 /* ReportsView.swift in Sources */,
				7946967D28DA1AD1005B6408 /* GroupView.swift in Sources */,
				7923783228D7F61E0069DB01 /* TransactionEdit.swift in Sources */,
				79ADF87528E5D71800227F44 /* AccountsStore.swift in Sources */,
				795382E628E71F3500133EFA /* AccountTransactionView.swift in Sources */,
				79C19CCE28D4D80E003F05F2 /* RegisterView.swift in Sources */,
				7923782628D7656B0069DB01 /* Session.swift in Sources */,
				7946967928D8B9C0005B6408 /* Categories.swift in Sources */,
				7946967128D82006005B6408 /* AccountsView.swift in Sources */,
				7946967F28DA1F0E005B6408 /* CategoryView.swift in Sources */,
				7946968C28DB50CE005B6408 /* TransactionView.swift in Sources */,
				7923782C28D77C0A0069DB01 /* TransactionStore.swift in Sources */,
				795382E828E864B800133EFA /* InactiveView.swift in Sources */,
				7946966F28D81FF0005B6408 /* PlansView.swift in Sources */,
				79C19CD328D517E7003F05F2 /* Transaction.swift in Sources */,
				7923782E28D78D3E0069DB01 /* TransactionsResponse.swift in Sources */,
				795382E028E7141100133EFA /* SettingsView.swift in Sources */,
				7946969528DE1173005B6408 /* SampleData.swift in Sources */,
				7946967528D8203A005B6408 /* MainView.swift in Sources */,
				795382E228E7178600133EFA /* AccountRegisterView.swift in Sources */,
				7946967728D8B99B005B6408 /* CategoriesStore.swift in Sources */,
				7946968E28DCADFE005B6408 /* CategoryPicker.swift in Sources */,
				7946968128DA207D005B6408 /* AmountView.swift in Sources */,
				7946966D28D81FC8005B6408 /* CategoriesView.swift in Sources */,
				7923782828D7678C0069DB01 /* Error.swift in Sources */,
				7946967B28D8BB11005B6408 /* CategoriesResponse.swift in Sources */,
				79C19CA228D41BC8003F05F2 /* SpendCraftApp.swift in Sources */,
				79ADF87728E5D86600227F44 /* AccountsResponse.swift in Sources */,
				79ADF87928E5E0C100227F44 /* InstitutionView.swift in Sources */,
				7946969328DCBD6F005B6408 /* CategoryList.swift in Sources */,
				7946968A28DAC578005B6408 /* NumericField.swift in Sources */,
				7923782A28D76BD60069DB01 /* Authenticator.swift in Sources */,
			);
			runOnlyForDeploymentPostprocessing = 0;
		};
		79C19CAA28D41BCA003F05F2 /* Sources */ = {
			isa = PBXSourcesBuildPhase;
			buildActionMask = 2147483647;
			files = (
				79C19CB328D41BCA003F05F2 /* SpendCraftTests.swift in Sources */,
			);
			runOnlyForDeploymentPostprocessing = 0;
		};
		79C19CB428D41BCA003F05F2 /* Sources */ = {
			isa = PBXSourcesBuildPhase;
			buildActionMask = 2147483647;
			files = (
				79C19CBF28D41BCA003F05F2 /* SpendCraftUITestsLaunchTests.swift in Sources */,
				79C19CBD28D41BCA003F05F2 /* SpendCraftUITests.swift in Sources */,
			);
			runOnlyForDeploymentPostprocessing = 0;
		};
/* End PBXSourcesBuildPhase section */

/* Begin PBXTargetDependency section */
		79C19CB028D41BCA003F05F2 /* PBXTargetDependency */ = {
			isa = PBXTargetDependency;
			target = 79C19C9D28D41BC8003F05F2 /* SpendCraft */;
			targetProxy = 79C19CAF28D41BCA003F05F2 /* PBXContainerItemProxy */;
		};
		79C19CBA28D41BCA003F05F2 /* PBXTargetDependency */ = {
			isa = PBXTargetDependency;
			target = 79C19C9D28D41BC8003F05F2 /* SpendCraft */;
			targetProxy = 79C19CB928D41BCA003F05F2 /* PBXContainerItemProxy */;
		};
/* End PBXTargetDependency section */

/* Begin XCBuildConfiguration section */
		79C19CC028D41BCA003F05F2 /* Debug */ = {
			isa = XCBuildConfiguration;
			buildSettings = {
				ALWAYS_SEARCH_USER_PATHS = NO;
				CLANG_ANALYZER_NONNULL = YES;
				CLANG_ANALYZER_NUMBER_OBJECT_CONVERSION = YES_AGGRESSIVE;
				CLANG_CXX_LANGUAGE_STANDARD = "gnu++17";
				CLANG_ENABLE_MODULES = YES;
				CLANG_ENABLE_OBJC_ARC = YES;
				CLANG_ENABLE_OBJC_WEAK = YES;
				CLANG_WARN_BLOCK_CAPTURE_AUTORELEASING = YES;
				CLANG_WARN_BOOL_CONVERSION = YES;
				CLANG_WARN_COMMA = YES;
				CLANG_WARN_CONSTANT_CONVERSION = YES;
				CLANG_WARN_DEPRECATED_OBJC_IMPLEMENTATIONS = YES;
				CLANG_WARN_DIRECT_OBJC_ISA_USAGE = YES_ERROR;
				CLANG_WARN_DOCUMENTATION_COMMENTS = YES;
				CLANG_WARN_EMPTY_BODY = YES;
				CLANG_WARN_ENUM_CONVERSION = YES;
				CLANG_WARN_INFINITE_RECURSION = YES;
				CLANG_WARN_INT_CONVERSION = YES;
				CLANG_WARN_NON_LITERAL_NULL_CONVERSION = YES;
				CLANG_WARN_OBJC_IMPLICIT_RETAIN_SELF = YES;
				CLANG_WARN_OBJC_LITERAL_CONVERSION = YES;
				CLANG_WARN_OBJC_ROOT_CLASS = YES_ERROR;
				CLANG_WARN_QUOTED_INCLUDE_IN_FRAMEWORK_HEADER = YES;
				CLANG_WARN_RANGE_LOOP_ANALYSIS = YES;
				CLANG_WARN_STRICT_PROTOTYPES = YES;
				CLANG_WARN_SUSPICIOUS_MOVE = YES;
				CLANG_WARN_UNGUARDED_AVAILABILITY = YES_AGGRESSIVE;
				CLANG_WARN_UNREACHABLE_CODE = YES;
				CLANG_WARN__DUPLICATE_METHOD_MATCH = YES;
				COPY_PHASE_STRIP = NO;
				DEBUG_INFORMATION_FORMAT = dwarf;
				ENABLE_STRICT_OBJC_MSGSEND = YES;
				ENABLE_TESTABILITY = YES;
				GCC_C_LANGUAGE_STANDARD = gnu11;
				GCC_DYNAMIC_NO_PIC = NO;
				GCC_NO_COMMON_BLOCKS = YES;
				GCC_OPTIMIZATION_LEVEL = 0;
				GCC_PREPROCESSOR_DEFINITIONS = (
					"DEBUG=1",
					"$(inherited)",
				);
				GCC_WARN_64_TO_32_BIT_CONVERSION = YES;
				GCC_WARN_ABOUT_RETURN_TYPE = YES_ERROR;
				GCC_WARN_UNDECLARED_SELECTOR = YES;
				GCC_WARN_UNINITIALIZED_AUTOS = YES_AGGRESSIVE;
				GCC_WARN_UNUSED_FUNCTION = YES;
				GCC_WARN_UNUSED_VARIABLE = YES;
				IPHONEOS_DEPLOYMENT_TARGET = 15.5;
				MTL_ENABLE_DEBUG_INFO = INCLUDE_SOURCE;
				MTL_FAST_MATH = YES;
				ONLY_ACTIVE_ARCH = YES;
				SDKROOT = iphoneos;
				SWIFT_ACTIVE_COMPILATION_CONDITIONS = DEBUG;
				SWIFT_OPTIMIZATION_LEVEL = "-Onone";
			};
			name = Debug;
		};
		79C19CC128D41BCA003F05F2 /* Release */ = {
			isa = XCBuildConfiguration;
			buildSettings = {
				ALWAYS_SEARCH_USER_PATHS = NO;
				CLANG_ANALYZER_NONNULL = YES;
				CLANG_ANALYZER_NUMBER_OBJECT_CONVERSION = YES_AGGRESSIVE;
				CLANG_CXX_LANGUAGE_STANDARD = "gnu++17";
				CLANG_ENABLE_MODULES = YES;
				CLANG_ENABLE_OBJC_ARC = YES;
				CLANG_ENABLE_OBJC_WEAK = YES;
				CLANG_WARN_BLOCK_CAPTURE_AUTORELEASING = YES;
				CLANG_WARN_BOOL_CONVERSION = YES;
				CLANG_WARN_COMMA = YES;
				CLANG_WARN_CONSTANT_CONVERSION = YES;
				CLANG_WARN_DEPRECATED_OBJC_IMPLEMENTATIONS = YES;
				CLANG_WARN_DIRECT_OBJC_ISA_USAGE = YES_ERROR;
				CLANG_WARN_DOCUMENTATION_COMMENTS = YES;
				CLANG_WARN_EMPTY_BODY = YES;
				CLANG_WARN_ENUM_CONVERSION = YES;
				CLANG_WARN_INFINITE_RECURSION = YES;
				CLANG_WARN_INT_CONVERSION = YES;
				CLANG_WARN_NON_LITERAL_NULL_CONVERSION = YES;
				CLANG_WARN_OBJC_IMPLICIT_RETAIN_SELF = YES;
				CLANG_WARN_OBJC_LITERAL_CONVERSION = YES;
				CLANG_WARN_OBJC_ROOT_CLASS = YES_ERROR;
				CLANG_WARN_QUOTED_INCLUDE_IN_FRAMEWORK_HEADER = YES;
				CLANG_WARN_RANGE_LOOP_ANALYSIS = YES;
				CLANG_WARN_STRICT_PROTOTYPES = YES;
				CLANG_WARN_SUSPICIOUS_MOVE = YES;
				CLANG_WARN_UNGUARDED_AVAILABILITY = YES_AGGRESSIVE;
				CLANG_WARN_UNREACHABLE_CODE = YES;
				CLANG_WARN__DUPLICATE_METHOD_MATCH = YES;
				COPY_PHASE_STRIP = NO;
				DEBUG_INFORMATION_FORMAT = "dwarf-with-dsym";
				ENABLE_NS_ASSERTIONS = NO;
				ENABLE_STRICT_OBJC_MSGSEND = YES;
				GCC_C_LANGUAGE_STANDARD = gnu11;
				GCC_NO_COMMON_BLOCKS = YES;
				GCC_WARN_64_TO_32_BIT_CONVERSION = YES;
				GCC_WARN_ABOUT_RETURN_TYPE = YES_ERROR;
				GCC_WARN_UNDECLARED_SELECTOR = YES;
				GCC_WARN_UNINITIALIZED_AUTOS = YES_AGGRESSIVE;
				GCC_WARN_UNUSED_FUNCTION = YES;
				GCC_WARN_UNUSED_VARIABLE = YES;
				IPHONEOS_DEPLOYMENT_TARGET = 15.5;
				MTL_ENABLE_DEBUG_INFO = NO;
				MTL_FAST_MATH = YES;
				SDKROOT = iphoneos;
				SWIFT_COMPILATION_MODE = wholemodule;
				SWIFT_OPTIMIZATION_LEVEL = "-O";
				VALIDATE_PRODUCT = YES;
			};
			name = Release;
		};
		79C19CC328D41BCA003F05F2 /* Debug */ = {
			isa = XCBuildConfiguration;
			buildSettings = {
				ASSETCATALOG_COMPILER_APPICON_NAME = AppIcon;
				ASSETCATALOG_COMPILER_GLOBAL_ACCENT_COLOR_NAME = AccentColor;
				CODE_SIGN_ENTITLEMENTS = SpendCraft/SpendCraft.entitlements;
				CODE_SIGN_STYLE = Automatic;
				CURRENT_PROJECT_VERSION = 8;
				DEVELOPMENT_ASSET_PATHS = "\"SpendCraft/Preview Content\"";
				DEVELOPMENT_TEAM = N7MR48SV68;
				ENABLE_PREVIEWS = YES;
				GENERATE_INFOPLIST_FILE = YES;
				INFOPLIST_FILE = SpendCraft/Info.plist;
				INFOPLIST_KEY_NSFaceIDUsageDescription = "";
				INFOPLIST_KEY_UIApplicationSceneManifest_Generation = YES;
				INFOPLIST_KEY_UIApplicationSupportsIndirectInputEvents = YES;
				INFOPLIST_KEY_UILaunchScreen_Generation = YES;
				INFOPLIST_KEY_UISupportedInterfaceOrientations_iPad = "UIInterfaceOrientationPortrait UIInterfaceOrientationPortraitUpsideDown UIInterfaceOrientationLandscapeLeft UIInterfaceOrientationLandscapeRight";
				INFOPLIST_KEY_UISupportedInterfaceOrientations_iPhone = "UIInterfaceOrientationPortrait UIInterfaceOrientationLandscapeLeft UIInterfaceOrientationLandscapeRight";
				LD_RUNPATH_SEARCH_PATHS = (
					"$(inherited)",
					"@executable_path/Frameworks",
				);
				MARKETING_VERSION = 1.0.8;
				PRODUCT_BUNDLE_IDENTIFIER = app.spendcraft;
				PRODUCT_NAME = "$(TARGET_NAME)";
				SUPPORTED_PLATFORMS = "iphoneos iphonesimulator";
				SUPPORTS_MACCATALYST = NO;
				SUPPORTS_MAC_DESIGNED_FOR_IPHONE_IPAD = NO;
				SWIFT_EMIT_LOC_STRINGS = YES;
				SWIFT_VERSION = 5.0;
				TARGETED_DEVICE_FAMILY = "1,2";
			};
			name = Debug;
		};
		79C19CC428D41BCA003F05F2 /* Release */ = {
			isa = XCBuildConfiguration;
			buildSettings = {
				ASSETCATALOG_COMPILER_APPICON_NAME = AppIcon;
				ASSETCATALOG_COMPILER_GLOBAL_ACCENT_COLOR_NAME = AccentColor;
				CODE_SIGN_ENTITLEMENTS = SpendCraft/SpendCraft.entitlements;
				CODE_SIGN_STYLE = Automatic;
				CURRENT_PROJECT_VERSION = 8;
				DEVELOPMENT_ASSET_PATHS = "\"SpendCraft/Preview Content\"";
				DEVELOPMENT_TEAM = N7MR48SV68;
				ENABLE_PREVIEWS = YES;
				GENERATE_INFOPLIST_FILE = YES;
				INFOPLIST_FILE = SpendCraft/Info.plist;
				INFOPLIST_KEY_NSFaceIDUsageDescription = "";
				INFOPLIST_KEY_UIApplicationSceneManifest_Generation = YES;
				INFOPLIST_KEY_UIApplicationSupportsIndirectInputEvents = YES;
				INFOPLIST_KEY_UILaunchScreen_Generation = YES;
				INFOPLIST_KEY_UISupportedInterfaceOrientations_iPad = "UIInterfaceOrientationPortrait UIInterfaceOrientationPortraitUpsideDown UIInterfaceOrientationLandscapeLeft UIInterfaceOrientationLandscapeRight";
				INFOPLIST_KEY_UISupportedInterfaceOrientations_iPhone = "UIInterfaceOrientationPortrait UIInterfaceOrientationLandscapeLeft UIInterfaceOrientationLandscapeRight";
				LD_RUNPATH_SEARCH_PATHS = (
					"$(inherited)",
					"@executable_path/Frameworks",
				);
				MARKETING_VERSION = 1.0.8;
				PRODUCT_BUNDLE_IDENTIFIER = app.spendcraft;
				PRODUCT_NAME = "$(TARGET_NAME)";
				SUPPORTED_PLATFORMS = "iphoneos iphonesimulator";
				SUPPORTS_MACCATALYST = NO;
				SUPPORTS_MAC_DESIGNED_FOR_IPHONE_IPAD = NO;
				SWIFT_EMIT_LOC_STRINGS = YES;
				SWIFT_VERSION = 5.0;
				TARGETED_DEVICE_FAMILY = "1,2";
			};
			name = Release;
		};
		79C19CC628D41BCA003F05F2 /* Debug */ = {
			isa = XCBuildConfiguration;
			buildSettings = {
				ALWAYS_EMBED_SWIFT_STANDARD_LIBRARIES = YES;
				BUNDLE_LOADER = "$(TEST_HOST)";
				CODE_SIGN_STYLE = Automatic;
				CURRENT_PROJECT_VERSION = 1;
				DEVELOPMENT_TEAM = N7MR48SV68;
				GENERATE_INFOPLIST_FILE = YES;
				IPHONEOS_DEPLOYMENT_TARGET = 15.5;
				MARKETING_VERSION = 1.0;
				PRODUCT_BUNDLE_IDENTIFIER = SaunterQuest.SpendCraftTests;
				PRODUCT_NAME = "$(TARGET_NAME)";
				SWIFT_EMIT_LOC_STRINGS = NO;
				SWIFT_VERSION = 5.0;
				TARGETED_DEVICE_FAMILY = "1,2";
				TEST_HOST = "$(BUILT_PRODUCTS_DIR)/SpendCraft.app/SpendCraft";
			};
			name = Debug;
		};
		79C19CC728D41BCA003F05F2 /* Release */ = {
			isa = XCBuildConfiguration;
			buildSettings = {
				ALWAYS_EMBED_SWIFT_STANDARD_LIBRARIES = YES;
				BUNDLE_LOADER = "$(TEST_HOST)";
				CODE_SIGN_STYLE = Automatic;
				CURRENT_PROJECT_VERSION = 1;
				DEVELOPMENT_TEAM = N7MR48SV68;
				GENERATE_INFOPLIST_FILE = YES;
				IPHONEOS_DEPLOYMENT_TARGET = 15.5;
				MARKETING_VERSION = 1.0;
				PRODUCT_BUNDLE_IDENTIFIER = SaunterQuest.SpendCraftTests;
				PRODUCT_NAME = "$(TARGET_NAME)";
				SWIFT_EMIT_LOC_STRINGS = NO;
				SWIFT_VERSION = 5.0;
				TARGETED_DEVICE_FAMILY = "1,2";
				TEST_HOST = "$(BUILT_PRODUCTS_DIR)/SpendCraft.app/SpendCraft";
			};
			name = Release;
		};
		79C19CC928D41BCA003F05F2 /* Debug */ = {
			isa = XCBuildConfiguration;
			buildSettings = {
				ALWAYS_EMBED_SWIFT_STANDARD_LIBRARIES = YES;
				CODE_SIGN_STYLE = Automatic;
				CURRENT_PROJECT_VERSION = 1;
				DEVELOPMENT_TEAM = N7MR48SV68;
				GENERATE_INFOPLIST_FILE = YES;
				MARKETING_VERSION = 1.0;
				PRODUCT_BUNDLE_IDENTIFIER = SaunterQuest.SpendCraftUITests;
				PRODUCT_NAME = "$(TARGET_NAME)";
				SWIFT_EMIT_LOC_STRINGS = NO;
				SWIFT_VERSION = 5.0;
				TARGETED_DEVICE_FAMILY = "1,2";
				TEST_TARGET_NAME = SpendCraft;
			};
			name = Debug;
		};
		79C19CCA28D41BCA003F05F2 /* Release */ = {
			isa = XCBuildConfiguration;
			buildSettings = {
				ALWAYS_EMBED_SWIFT_STANDARD_LIBRARIES = YES;
				CODE_SIGN_STYLE = Automatic;
				CURRENT_PROJECT_VERSION = 1;
				DEVELOPMENT_TEAM = N7MR48SV68;
				GENERATE_INFOPLIST_FILE = YES;
				MARKETING_VERSION = 1.0;
				PRODUCT_BUNDLE_IDENTIFIER = SaunterQuest.SpendCraftUITests;
				PRODUCT_NAME = "$(TARGET_NAME)";
				SWIFT_EMIT_LOC_STRINGS = NO;
				SWIFT_VERSION = 5.0;
				TARGETED_DEVICE_FAMILY = "1,2";
				TEST_TARGET_NAME = SpendCraft;
			};
			name = Release;
		};
/* End XCBuildConfiguration section */

/* Begin XCConfigurationList section */
		79C19C9928D41BC8003F05F2 /* Build configuration list for PBXProject "SpendCraft" */ = {
			isa = XCConfigurationList;
			buildConfigurations = (
				79C19CC028D41BCA003F05F2 /* Debug */,
				79C19CC128D41BCA003F05F2 /* Release */,
			);
			defaultConfigurationIsVisible = 0;
			defaultConfigurationName = Release;
		};
		79C19CC228D41BCA003F05F2 /* Build configuration list for PBXNativeTarget "SpendCraft" */ = {
			isa = XCConfigurationList;
			buildConfigurations = (
				79C19CC328D41BCA003F05F2 /* Debug */,
				79C19CC428D41BCA003F05F2 /* Release */,
			);
			defaultConfigurationIsVisible = 0;
			defaultConfigurationName = Release;
		};
		79C19CC528D41BCA003F05F2 /* Build configuration list for PBXNativeTarget "SpendCraftTests" */ = {
			isa = XCConfigurationList;
			buildConfigurations = (
				79C19CC628D41BCA003F05F2 /* Debug */,
				79C19CC728D41BCA003F05F2 /* Release */,
			);
			defaultConfigurationIsVisible = 0;
			defaultConfigurationName = Release;
		};
		79C19CC828D41BCA003F05F2 /* Build configuration list for PBXNativeTarget "SpendCraftUITests" */ = {
			isa = XCConfigurationList;
			buildConfigurations = (
				79C19CC928D41BCA003F05F2 /* Debug */,
				79C19CCA28D41BCA003F05F2 /* Release */,
			);
			defaultConfigurationIsVisible = 0;
			defaultConfigurationName = Release;
		};
/* End XCConfigurationList section */
	};
	rootObject = 79C19C9628D41BC8003F05F2 /* Project object */;
}
